// !$*UTF8*$!
{
	archiveVersion = 1;
	classes = {
	};
	objectVersion = 52;
	objects = {

/* Begin PBXBuildFile section */
		04B9A4769E29CE668827A613 /* TokenRepository.swift in Sources */ = {isa = PBXBuildFile; fileRef = 7D2AC19B325852EAA91F74D3 /* TokenRepository.swift */; };
		1689DD3B1C10706A6470575C /* Resolver.swift in Sources */ = {isa = PBXBuildFile; fileRef = 461CB2D97D1E09104343F057 /* Resolver.swift */; };
		2702A85CCDF86912F82B0B94 /* PlayerListRequest.swift in Sources */ = {isa = PBXBuildFile; fileRef = 317694A828CBB15ABB968BB3 /* PlayerListRequest.swift */; };
		310703AFDEBC10C8C66C63D3 /* CTextFieldEmptyError.swift in Sources */ = {isa = PBXBuildFile; fileRef = E5B28D794069609E280BB751 /* CTextFieldEmptyError.swift */; };
		32BAD44328F0FBA273D33CD5 /* Colors.xcassets in Resources */ = {isa = PBXBuildFile; fileRef = 6576BAA4E48B5D79B9AFFCF3 /* Colors.xcassets */; };
		32BB6468A04D7365DE9A7C7B /* Pods_city_ios.framework in Frameworks */ = {isa = PBXBuildFile; fileRef = FD7665C1F0C6D6F5BA7D41D4 /* Pods_city_ios.framework */; };
		3B8F805E546FC73B05615444 /* Pods_city_iosTests.framework in Frameworks */ = {isa = PBXBuildFile; fileRef = 4897F8B25D93626B166B30F2 /* Pods_city_iosTests.framework */; };
		3F1F87C6B70835DA7A2754EE /* city_iosUITests.swift in Sources */ = {isa = PBXBuildFile; fileRef = 2BE7850553E6F29CB575E59F /* city_iosUITests.swift */; };
		41D4352F61DA2932C4DEB1F4 /* Api.swift in Sources */ = {isa = PBXBuildFile; fileRef = ED1350E687ADB7D8C1ED828F /* Api.swift */; };
		48A076F68A67910BB3E643F6 /* Pods_city_ios_city_iosUITests.framework in Frameworks */ = {isa = PBXBuildFile; fileRef = EF315B661EF6E6BC8380082A /* Pods_city_ios_city_iosUITests.framework */; };
		4F5E0D039513E157D136134A /* Injectable.swift in Sources */ = {isa = PBXBuildFile; fileRef = 63E0B637C1F56748A2CE8F64 /* Injectable.swift */; };
		52EDA6C335831E07D36AA125 /* DependencyManager.swift in Sources */ = {isa = PBXBuildFile; fileRef = 77D637C2590C52ABB7E5E5A3 /* DependencyManager.swift */; };
		5593D31DD230E1222420AB0E /* RegisterViewModel.swift in Sources */ = {isa = PBXBuildFile; fileRef = 6B22425CF9403808534DC643 /* RegisterViewModel.swift */; };
		55F1FDF6C8E1106AF41378DC /* Localizable.strings in Resources */ = {isa = PBXBuildFile; fileRef = 43E6D547A5861148D4860A34 /* Localizable.strings */; };
		5666F1B35084DA597E493D39 /* CTextField.swift in Sources */ = {isa = PBXBuildFile; fileRef = 47494C67FF1E0519EEC1559D /* CTextField.swift */; };
		59AC675C9B570845BC4183E1 /* RegisterRepository.swift in Sources */ = {isa = PBXBuildFile; fileRef = 92B002CBC20993C19B06F0D3 /* RegisterRepository.swift */; };
		5A86BACE66CA79ED26EE2000 /* Inject.swift in Sources */ = {isa = PBXBuildFile; fileRef = 9E61F7E2478D06F41A7B4611 /* Inject.swift */; };
		5E592892579975DC5168BDA2 /* PlayerListRepository.swift in Sources */ = {isa = PBXBuildFile; fileRef = 5AC341C2D860DA8CA3F88BC2 /* PlayerListRepository.swift */; };
		62E792ED3B1BE1E19BB7277C /* ViewProtocol.swift in Sources */ = {isa = PBXBuildFile; fileRef = 3C08251C7AAC8DF430225832 /* ViewProtocol.swift */; };
		6BA2E30750CE498C564BE298 /* UpdateTokenRepositoryProtocol.swift in Sources */ = {isa = PBXBuildFile; fileRef = 010EDCACFC8E881F9A28A07A /* UpdateTokenRepositoryProtocol.swift */; };
		732F1A357AFB47FC2C75DD30 /* Images+Generated.swift in Sources */ = {isa = PBXBuildFile; fileRef = 20FC883900713FF031606D47 /* Images+Generated.swift */; };
		76D51AF1C784CB5F34975462 /* Images.xcassets in Resources */ = {isa = PBXBuildFile; fileRef = 3F54090EB424939738E19044 /* Images.xcassets */; };
		775E6A15145BD570B033107E /* CButtonReverse.swift in Sources */ = {isa = PBXBuildFile; fileRef = AD877D177F34FCDF5CA99775 /* CButtonReverse.swift */; };
		7BA6D7397BF61952A2ED3ACF /* Localizable.strings in Resources */ = {isa = PBXBuildFile; fileRef = 8BA4863349D62881FE272184 /* Localizable.strings */; };
		893381762130B5C2F244B9D1 /* city_iosApp.swift in Sources */ = {isa = PBXBuildFile; fileRef = 6C22DC9BA445D8D71C35725A /* city_iosApp.swift */; };
		8CB4283E1EE29F08F19B2392 /* Colors+Generated.swift in Sources */ = {isa = PBXBuildFile; fileRef = 5DBEBA5F1546D7EB679E0C7F /* Colors+Generated.swift */; };
		92BB473B31BA1575C0011657 /* CTextFieldRounded.swift in Sources */ = {isa = PBXBuildFile; fileRef = E0F5791F2B95AA9BF330A618 /* CTextFieldRounded.swift */; };
		92D9565DD5C24DBDDB40F417 /* PlayerListRepositoryProtocol.swift in Sources */ = {isa = PBXBuildFile; fileRef = F9E2B9865806F4FC9BD756CB /* PlayerListRepositoryProtocol.swift */; };
		969793366CCAD85C6EE1C9DA /* NetworkError.swift in Sources */ = {isa = PBXBuildFile; fileRef = 7BE74062D91611DB33C970D5 /* NetworkError.swift */; };
		98559500E2C48B844E455FE2 /* Localized+Generated.swift in Sources */ = {isa = PBXBuildFile; fileRef = 53CC45D86B2595AD4BAE7995 /* Localized+Generated.swift */; };
		9D926527F6117A78B9771C39 /* Assets.xcassets in Resources */ = {isa = PBXBuildFile; fileRef = B8E400CDD08143D418F977A5 /* Assets.xcassets */; };
		9FAA66B10A04B43D4539C2DC /* CCellPlayer.swift in Sources */ = {isa = PBXBuildFile; fileRef = A0C74A862D604FEAFDA4E52E /* CCellPlayer.swift */; };
		A4715FDF397362B02A5BDAAC /* Preview Assets.xcassets in Resources */ = {isa = PBXBuildFile; fileRef = 53124BA50542490E0980B2C8 /* Preview Assets.xcassets */; };
		AB770AA1184647EF9F6D22A8 /* RegisterRepositoryMocked.swift in Sources */ = {isa = PBXBuildFile; fileRef = EB90D356FD71FDF513E3B97C /* RegisterRepositoryMocked.swift */; };
		AF27DDE878499CB6B9CDD789 /* PlayerListResponse.swift in Sources */ = {isa = PBXBuildFile; fileRef = 03B10BF98A47BC10940F0258 /* PlayerListResponse.swift */; };
		AF8387C92EA5DAB587A90CC5 /* TeamView.swift in Sources */ = {isa = PBXBuildFile; fileRef = 8F21724C2D472ECDDA45DE26 /* TeamView.swift */; };
		B548B5958CBEAB32470DBA4D /* PlayerListView.swift in Sources */ = {isa = PBXBuildFile; fileRef = 7ABE22586537FFCACF5729D9 /* PlayerListView.swift */; };
		B58F74CF3907940F3F455466 /* CCircleImage.swift in Sources */ = {isa = PBXBuildFile; fileRef = 0B2B10D51F09B2D4554D4367 /* CCircleImage.swift */; };
		B64865F8604B10CF91FBCFD2 /* LoginView.swift in Sources */ = {isa = PBXBuildFile; fileRef = B7742F5F8BFE0D03489073C0 /* LoginView.swift */; };
		B71E1C572F65831FFF32BDED /* PlayerListViewModel.swift in Sources */ = {isa = PBXBuildFile; fileRef = CAEDBC8ECB8462B345B1D251 /* PlayerListViewModel.swift */; };
		BB1EFDF979D19A0526720CA4 /* RegisterRouter.swift in Sources */ = {isa = PBXBuildFile; fileRef = 0791003733E98DE5D13739DA /* RegisterRouter.swift */; };
		C0D5140813F7A3FEB9D6CE47 /* ErrorText.swift in Sources */ = {isa = PBXBuildFile; fileRef = 9CE9724D9A27DCEAA9F1FED7 /* ErrorText.swift */; };
		C238C6D2FF9E2C6C02A28F62 /* TeamViewModel.swift in Sources */ = {isa = PBXBuildFile; fileRef = E2678B2D635D2F7E10F808FB /* TeamViewModel.swift */; };
		C2DD37754948519252B0B222 /* UpdateTokenRequest.swift in Sources */ = {isa = PBXBuildFile; fileRef = 07A1FDBD9A41026631508A45 /* UpdateTokenRequest.swift */; };
		C4B9FC5D6E4F7E4103B38D61 /* city_iosTests.swift in Sources */ = {isa = PBXBuildFile; fileRef = 419DED3ADEB40553E648BD8A /* city_iosTests.swift */; };
		CDF56033A01D6BAFD04F963A /* CLabelIcon.swift in Sources */ = {isa = PBXBuildFile; fileRef = 7151F01E66521B090A193E22 /* CLabelIcon.swift */; };
		D01A5B50C949046E3F1D4BCA /* RegisterUseCaseProtocol.swift in Sources */ = {isa = PBXBuildFile; fileRef = 834660A3A1FC0E6E2179A0E5 /* RegisterUseCaseProtocol.swift */; };
		D19D89E4DD8E34C13B2C7494 /* RegisterResponse.swift in Sources */ = {isa = PBXBuildFile; fileRef = F5E4BD481BD4B6B0DD90576E /* RegisterResponse.swift */; };
		D35D83CCF220278DEEC3C469 /* RegisterRepositoryProtocol.swift in Sources */ = {isa = PBXBuildFile; fileRef = 09E2E5C5584A0DF83C5ACB30 /* RegisterRepositoryProtocol.swift */; };
		DC9B22FF4F11FE08D9311E55 /* UpdateTokenResponse.swift in Sources */ = {isa = PBXBuildFile; fileRef = 031F00FDE69BA4CC0E2BC305 /* UpdateTokenResponse.swift */; };
		DF157F9286711C79885763AD /* RegisterView.swift in Sources */ = {isa = PBXBuildFile; fileRef = F15A67343B9A87E3A8E334F2 /* RegisterView.swift */; };
		E2A8DF76CEF1F83B8507690A /* UpdateTokenUseCaseProtocol.swift in Sources */ = {isa = PBXBuildFile; fileRef = CE13FA7A1B59AFDAAA435272 /* UpdateTokenUseCaseProtocol.swift */; };
		E59F34F7905B36484957C8EF /* Player.swift in Sources */ = {isa = PBXBuildFile; fileRef = 34A2ECC7FA8548B8F5A51F12 /* Player.swift */; };
		E7AF200A6EB4DFEE95768104 /* UpdateTokenUseCase.swift in Sources */ = {isa = PBXBuildFile; fileRef = A192D5735895BD9539AD6D86 /* UpdateTokenUseCase.swift */; };
		EBC0F5CE93E573B68A7A55C0 /* MainView.swift in Sources */ = {isa = PBXBuildFile; fileRef = 343A5D345072885BEB71E976 /* MainView.swift */; };
		F1FD13E865CFD3862947B757 /* UpdateTokenRepository.swift in Sources */ = {isa = PBXBuildFile; fileRef = 7A192F26A6104E4802A2EC16 /* UpdateTokenRepository.swift */; };
		F3D4ED13530149095F5A413D /* MainViewModel.swift in Sources */ = {isa = PBXBuildFile; fileRef = 437D9D09406C69D10569FF3F /* MainViewModel.swift */; };
		F59898AFF9EE82E7C4286147 /* DependencyManager.swift in Sources */ = {isa = PBXBuildFile; fileRef = CCBE3849A1833EEA4C9EC58B /* DependencyManager.swift */; };
		FDEADFDAF0A6E0640A875E23 /* city_iosUITestsLaunchTests.swift in Sources */ = {isa = PBXBuildFile; fileRef = 25243E88D0464F31D5AC6B59 /* city_iosUITestsLaunchTests.swift */; };
		FE7124092F519A84FE779239 /* RegisterRequest.swift in Sources */ = {isa = PBXBuildFile; fileRef = E2DE440AD3E871FBA94CC656 /* RegisterRequest.swift */; };
		FFA453852FF92ED2C75889BE /* BrightnessRepository.swift in Sources */ = {isa = PBXBuildFile; fileRef = A79132119F4A50E78608D48B /* BrightnessRepository.swift */; };
/* End PBXBuildFile section */

/* Begin PBXFileReference section */
		010EDCACFC8E881F9A28A07A /* UpdateTokenRepositoryProtocol.swift */ = {isa = PBXFileReference; lastKnownFileType = sourcecode.swift; path = UpdateTokenRepositoryProtocol.swift; sourceTree = "<group>"; };
		031F00FDE69BA4CC0E2BC305 /* UpdateTokenResponse.swift */ = {isa = PBXFileReference; lastKnownFileType = sourcecode.swift; path = UpdateTokenResponse.swift; sourceTree = "<group>"; };
		03B10BF98A47BC10940F0258 /* PlayerListResponse.swift */ = {isa = PBXFileReference; lastKnownFileType = sourcecode.swift; path = PlayerListResponse.swift; sourceTree = "<group>"; };
		0791003733E98DE5D13739DA /* RegisterRouter.swift */ = {isa = PBXFileReference; lastKnownFileType = sourcecode.swift; path = RegisterRouter.swift; sourceTree = "<group>"; };
		07A1FDBD9A41026631508A45 /* UpdateTokenRequest.swift */ = {isa = PBXFileReference; lastKnownFileType = sourcecode.swift; path = UpdateTokenRequest.swift; sourceTree = "<group>"; };
		09E2E5C5584A0DF83C5ACB30 /* RegisterRepositoryProtocol.swift */ = {isa = PBXFileReference; lastKnownFileType = sourcecode.swift; path = RegisterRepositoryProtocol.swift; sourceTree = "<group>"; };
		0B2B10D51F09B2D4554D4367 /* CCircleImage.swift */ = {isa = PBXFileReference; lastKnownFileType = sourcecode.swift; path = CCircleImage.swift; sourceTree = "<group>"; };
		20FC883900713FF031606D47 /* Images+Generated.swift */ = {isa = PBXFileReference; lastKnownFileType = sourcecode.swift; path = "Images+Generated.swift"; sourceTree = "<group>"; };
		25243E88D0464F31D5AC6B59 /* city_iosUITestsLaunchTests.swift */ = {isa = PBXFileReference; lastKnownFileType = sourcecode.swift; path = city_iosUITestsLaunchTests.swift; sourceTree = "<group>"; };
		2BE7850553E6F29CB575E59F /* city_iosUITests.swift */ = {isa = PBXFileReference; lastKnownFileType = sourcecode.swift; path = city_iosUITests.swift; sourceTree = "<group>"; };
		3024870F059D63ECD81EA1CF /* Pods-city_ios.preprod.xcconfig */ = {isa = PBXFileReference; includeInIndex = 1; lastKnownFileType = text.xcconfig; name = "Pods-city_ios.preprod.xcconfig"; path = "Target Support Files/Pods-city_ios/Pods-city_ios.preprod.xcconfig"; sourceTree = "<group>"; };
		317694A828CBB15ABB968BB3 /* PlayerListRequest.swift */ = {isa = PBXFileReference; lastKnownFileType = sourcecode.swift; path = PlayerListRequest.swift; sourceTree = "<group>"; };
		343A5D345072885BEB71E976 /* MainView.swift */ = {isa = PBXFileReference; lastKnownFileType = sourcecode.swift; path = MainView.swift; sourceTree = "<group>"; };
		34A2ECC7FA8548B8F5A51F12 /* Player.swift */ = {isa = PBXFileReference; lastKnownFileType = sourcecode.swift; path = Player.swift; sourceTree = "<group>"; };
		34A853E72E8C60D9FE0A60B7 /* Pods-city_iosTests.debug.xcconfig */ = {isa = PBXFileReference; includeInIndex = 1; lastKnownFileType = text.xcconfig; name = "Pods-city_iosTests.debug.xcconfig"; path = "Target Support Files/Pods-city_iosTests/Pods-city_iosTests.debug.xcconfig"; sourceTree = "<group>"; };
		3C08251C7AAC8DF430225832 /* ViewProtocol.swift */ = {isa = PBXFileReference; lastKnownFileType = sourcecode.swift; path = ViewProtocol.swift; sourceTree = "<group>"; };
		3F54090EB424939738E19044 /* Images.xcassets */ = {isa = PBXFileReference; lastKnownFileType = folder.assetcatalog; path = Images.xcassets; sourceTree = "<group>"; };
		419DED3ADEB40553E648BD8A /* city_iosTests.swift */ = {isa = PBXFileReference; lastKnownFileType = sourcecode.swift; path = city_iosTests.swift; sourceTree = "<group>"; };
		437D9D09406C69D10569FF3F /* MainViewModel.swift */ = {isa = PBXFileReference; lastKnownFileType = sourcecode.swift; path = MainViewModel.swift; sourceTree = "<group>"; };
		43E6D547A5861148D4860A34 /* Localizable.strings */ = {isa = PBXFileReference; lastKnownFileType = text.plist.strings; path = Localizable.strings; sourceTree = "<group>"; };
		461CB2D97D1E09104343F057 /* Resolver.swift */ = {isa = PBXFileReference; lastKnownFileType = sourcecode.swift; path = Resolver.swift; sourceTree = "<group>"; };
		473CDEF960632E1DF5C8614E /* release.xcconfig */ = {isa = PBXFileReference; lastKnownFileType = text.xcconfig; path = release.xcconfig; sourceTree = "<group>"; };
		47494C67FF1E0519EEC1559D /* CTextField.swift */ = {isa = PBXFileReference; lastKnownFileType = sourcecode.swift; path = CTextField.swift; sourceTree = "<group>"; };
		48375375300201F49146C199 /* Pods-city_iosTests.preprod.xcconfig */ = {isa = PBXFileReference; includeInIndex = 1; lastKnownFileType = text.xcconfig; name = "Pods-city_iosTests.preprod.xcconfig"; path = "Target Support Files/Pods-city_iosTests/Pods-city_iosTests.preprod.xcconfig"; sourceTree = "<group>"; };
		4897F8B25D93626B166B30F2 /* Pods_city_iosTests.framework */ = {isa = PBXFileReference; explicitFileType = wrapper.framework; includeInIndex = 0; path = Pods_city_iosTests.framework; sourceTree = BUILT_PRODUCTS_DIR; };
		53124BA50542490E0980B2C8 /* Preview Assets.xcassets */ = {isa = PBXFileReference; lastKnownFileType = folder.assetcatalog; path = "Preview Assets.xcassets"; sourceTree = "<group>"; };
		53CC45D86B2595AD4BAE7995 /* Localized+Generated.swift */ = {isa = PBXFileReference; lastKnownFileType = sourcecode.swift; path = "Localized+Generated.swift"; sourceTree = "<group>"; };
		5AC341C2D860DA8CA3F88BC2 /* PlayerListRepository.swift */ = {isa = PBXFileReference; lastKnownFileType = sourcecode.swift; path = PlayerListRepository.swift; sourceTree = "<group>"; };
		5DBEBA5F1546D7EB679E0C7F /* Colors+Generated.swift */ = {isa = PBXFileReference; lastKnownFileType = sourcecode.swift; path = "Colors+Generated.swift"; sourceTree = "<group>"; };
		63E0B637C1F56748A2CE8F64 /* Injectable.swift */ = {isa = PBXFileReference; lastKnownFileType = sourcecode.swift; path = Injectable.swift; sourceTree = "<group>"; };
		6576BAA4E48B5D79B9AFFCF3 /* Colors.xcassets */ = {isa = PBXFileReference; lastKnownFileType = folder.assetcatalog; path = Colors.xcassets; sourceTree = "<group>"; };
		69F0403C317A629501DB850C /* debug.xcconfig */ = {isa = PBXFileReference; lastKnownFileType = text.xcconfig; path = debug.xcconfig; sourceTree = "<group>"; };
		6B22425CF9403808534DC643 /* RegisterViewModel.swift */ = {isa = PBXFileReference; lastKnownFileType = sourcecode.swift; path = RegisterViewModel.swift; sourceTree = "<group>"; };
		6C22DC9BA445D8D71C35725A /* city_iosApp.swift */ = {isa = PBXFileReference; lastKnownFileType = sourcecode.swift; path = city_iosApp.swift; sourceTree = "<group>"; };
		7151F01E66521B090A193E22 /* CLabelIcon.swift */ = {isa = PBXFileReference; lastKnownFileType = sourcecode.swift; path = CLabelIcon.swift; sourceTree = "<group>"; };
		77D637C2590C52ABB7E5E5A3 /* DependencyManager.swift */ = {isa = PBXFileReference; lastKnownFileType = sourcecode.swift; path = DependencyManager.swift; sourceTree = "<group>"; };
		7A192F26A6104E4802A2EC16 /* UpdateTokenRepository.swift */ = {isa = PBXFileReference; lastKnownFileType = sourcecode.swift; path = UpdateTokenRepository.swift; sourceTree = "<group>"; };
		7ABE22586537FFCACF5729D9 /* PlayerListView.swift */ = {isa = PBXFileReference; lastKnownFileType = sourcecode.swift; path = PlayerListView.swift; sourceTree = "<group>"; };
		7BE74062D91611DB33C970D5 /* NetworkError.swift */ = {isa = PBXFileReference; lastKnownFileType = sourcecode.swift; path = NetworkError.swift; sourceTree = "<group>"; };
		7D2AC19B325852EAA91F74D3 /* TokenRepository.swift */ = {isa = PBXFileReference; lastKnownFileType = sourcecode.swift; path = TokenRepository.swift; sourceTree = "<group>"; };
		834660A3A1FC0E6E2179A0E5 /* RegisterUseCaseProtocol.swift */ = {isa = PBXFileReference; lastKnownFileType = sourcecode.swift; path = RegisterUseCaseProtocol.swift; sourceTree = "<group>"; };
		8883626F36625EDFE374122E /* en */ = {isa = PBXFileReference; lastKnownFileType = text.plist.strings; name = en; path = en.lproj/Localizable.strings; sourceTree = "<group>"; };
		8F21724C2D472ECDDA45DE26 /* TeamView.swift */ = {isa = PBXFileReference; lastKnownFileType = sourcecode.swift; path = TeamView.swift; sourceTree = "<group>"; };
		9119975E69E160F7AFD8AD66 /* Pods-city_ios-city_iosUITests.preprod.xcconfig */ = {isa = PBXFileReference; includeInIndex = 1; lastKnownFileType = text.xcconfig; name = "Pods-city_ios-city_iosUITests.preprod.xcconfig"; path = "Target Support Files/Pods-city_ios-city_iosUITests/Pods-city_ios-city_iosUITests.preprod.xcconfig"; sourceTree = "<group>"; };
		92B002CBC20993C19B06F0D3 /* RegisterRepository.swift */ = {isa = PBXFileReference; lastKnownFileType = sourcecode.swift; path = RegisterRepository.swift; sourceTree = "<group>"; };
		94CECF39BBB59A52473557CD /* city_iosUITests.xctest */ = {isa = PBXFileReference; includeInIndex = 0; lastKnownFileType = wrapper.cfbundle; path = city_iosUITests.xctest; sourceTree = BUILT_PRODUCTS_DIR; };
		9CE9724D9A27DCEAA9F1FED7 /* ErrorText.swift */ = {isa = PBXFileReference; lastKnownFileType = sourcecode.swift; path = ErrorText.swift; sourceTree = "<group>"; };
		9E61F7E2478D06F41A7B4611 /* Inject.swift */ = {isa = PBXFileReference; lastKnownFileType = sourcecode.swift; path = Inject.swift; sourceTree = "<group>"; };
		A0C74A862D604FEAFDA4E52E /* CCellPlayer.swift */ = {isa = PBXFileReference; lastKnownFileType = sourcecode.swift; path = CCellPlayer.swift; sourceTree = "<group>"; };
		A192D5735895BD9539AD6D86 /* UpdateTokenUseCase.swift */ = {isa = PBXFileReference; lastKnownFileType = sourcecode.swift; path = UpdateTokenUseCase.swift; sourceTree = "<group>"; };
		A79132119F4A50E78608D48B /* BrightnessRepository.swift */ = {isa = PBXFileReference; lastKnownFileType = sourcecode.swift; path = BrightnessRepository.swift; sourceTree = "<group>"; };
		AD877D177F34FCDF5CA99775 /* CButtonReverse.swift */ = {isa = PBXFileReference; lastKnownFileType = sourcecode.swift; path = CButtonReverse.swift; sourceTree = "<group>"; };
		AE00E88AC14063CC462C9D7D /* Pods-city_ios.debug.xcconfig */ = {isa = PBXFileReference; includeInIndex = 1; lastKnownFileType = text.xcconfig; name = "Pods-city_ios.debug.xcconfig"; path = "Target Support Files/Pods-city_ios/Pods-city_ios.debug.xcconfig"; sourceTree = "<group>"; };
		B7742F5F8BFE0D03489073C0 /* LoginView.swift */ = {isa = PBXFileReference; lastKnownFileType = sourcecode.swift; path = LoginView.swift; sourceTree = "<group>"; };
		B8DA0161C81E69C5BA989839 /* city_ios.app */ = {isa = PBXFileReference; includeInIndex = 0; lastKnownFileType = wrapper.application; path = city_ios.app; sourceTree = BUILT_PRODUCTS_DIR; };
		B8E400CDD08143D418F977A5 /* Assets.xcassets */ = {isa = PBXFileReference; lastKnownFileType = folder.assetcatalog; path = Assets.xcassets; sourceTree = "<group>"; };
		B948E64AEB258F4AC1412735 /* Pods-city_ios-city_iosUITests.debug.xcconfig */ = {isa = PBXFileReference; includeInIndex = 1; lastKnownFileType = text.xcconfig; name = "Pods-city_ios-city_iosUITests.debug.xcconfig"; path = "Target Support Files/Pods-city_ios-city_iosUITests/Pods-city_ios-city_iosUITests.debug.xcconfig"; sourceTree = "<group>"; };
		C80B141C8B60F538A7C4BFF7 /* city_iosTests.xctest */ = {isa = PBXFileReference; includeInIndex = 0; lastKnownFileType = wrapper.cfbundle; path = city_iosTests.xctest; sourceTree = BUILT_PRODUCTS_DIR; };
		C869FD73C20857C8C2F5F1B3 /* city_ios.entitlements */ = {isa = PBXFileReference; lastKnownFileType = text.plist.entitlements; path = city_ios.entitlements; sourceTree = "<group>"; };
		CAEDBC8ECB8462B345B1D251 /* PlayerListViewModel.swift */ = {isa = PBXFileReference; lastKnownFileType = sourcecode.swift; path = PlayerListViewModel.swift; sourceTree = "<group>"; };
		CCBE3849A1833EEA4C9EC58B /* DependencyManager.swift */ = {isa = PBXFileReference; lastKnownFileType = sourcecode.swift; path = DependencyManager.swift; sourceTree = "<group>"; };
		CE13FA7A1B59AFDAAA435272 /* UpdateTokenUseCaseProtocol.swift */ = {isa = PBXFileReference; lastKnownFileType = sourcecode.swift; path = UpdateTokenUseCaseProtocol.swift; sourceTree = "<group>"; };
		D6500DEAFF1FC8826C97319C /* Pods-city_ios-city_iosUITests.release.xcconfig */ = {isa = PBXFileReference; includeInIndex = 1; lastKnownFileType = text.xcconfig; name = "Pods-city_ios-city_iosUITests.release.xcconfig"; path = "Target Support Files/Pods-city_ios-city_iosUITests/Pods-city_ios-city_iosUITests.release.xcconfig"; sourceTree = "<group>"; };
		DD72CB379CAA986231C1180C /* fr */ = {isa = PBXFileReference; lastKnownFileType = text.plist.strings; name = fr; path = fr.lproj/Localizable.strings; sourceTree = "<group>"; };
		E0F5791F2B95AA9BF330A618 /* CTextFieldRounded.swift */ = {isa = PBXFileReference; lastKnownFileType = sourcecode.swift; path = CTextFieldRounded.swift; sourceTree = "<group>"; };
		E2678B2D635D2F7E10F808FB /* TeamViewModel.swift */ = {isa = PBXFileReference; lastKnownFileType = sourcecode.swift; path = TeamViewModel.swift; sourceTree = "<group>"; };
		E2DE440AD3E871FBA94CC656 /* RegisterRequest.swift */ = {isa = PBXFileReference; lastKnownFileType = sourcecode.swift; path = RegisterRequest.swift; sourceTree = "<group>"; };
		E5B28D794069609E280BB751 /* CTextFieldEmptyError.swift */ = {isa = PBXFileReference; lastKnownFileType = sourcecode.swift; path = CTextFieldEmptyError.swift; sourceTree = "<group>"; };
		E8AE643A048E50151D93D85A /* Info.plist */ = {isa = PBXFileReference; lastKnownFileType = text.plist; path = Info.plist; sourceTree = "<group>"; };
		EB90D356FD71FDF513E3B97C /* RegisterRepositoryMocked.swift */ = {isa = PBXFileReference; lastKnownFileType = sourcecode.swift; path = RegisterRepositoryMocked.swift; sourceTree = "<group>"; };
		ED1350E687ADB7D8C1ED828F /* Api.swift */ = {isa = PBXFileReference; lastKnownFileType = sourcecode.swift; path = Api.swift; sourceTree = "<group>"; };
		EF315B661EF6E6BC8380082A /* Pods_city_ios_city_iosUITests.framework */ = {isa = PBXFileReference; explicitFileType = wrapper.framework; includeInIndex = 0; path = Pods_city_ios_city_iosUITests.framework; sourceTree = BUILT_PRODUCTS_DIR; };
		F15A67343B9A87E3A8E334F2 /* RegisterView.swift */ = {isa = PBXFileReference; lastKnownFileType = sourcecode.swift; path = RegisterView.swift; sourceTree = "<group>"; };
		F2A33AC27E53564A6B339BE5 /* Pods-city_ios.release.xcconfig */ = {isa = PBXFileReference; includeInIndex = 1; lastKnownFileType = text.xcconfig; name = "Pods-city_ios.release.xcconfig"; path = "Target Support Files/Pods-city_ios/Pods-city_ios.release.xcconfig"; sourceTree = "<group>"; };
		F5E4BD481BD4B6B0DD90576E /* RegisterResponse.swift */ = {isa = PBXFileReference; lastKnownFileType = sourcecode.swift; path = RegisterResponse.swift; sourceTree = "<group>"; };
		F9E2B9865806F4FC9BD756CB /* PlayerListRepositoryProtocol.swift */ = {isa = PBXFileReference; lastKnownFileType = sourcecode.swift; path = PlayerListRepositoryProtocol.swift; sourceTree = "<group>"; };
		FD7665C1F0C6D6F5BA7D41D4 /* Pods_city_ios.framework */ = {isa = PBXFileReference; explicitFileType = wrapper.framework; includeInIndex = 0; path = Pods_city_ios.framework; sourceTree = BUILT_PRODUCTS_DIR; };
		FDD5742A1C25368A01C468BB /* Pods-city_iosTests.release.xcconfig */ = {isa = PBXFileReference; includeInIndex = 1; lastKnownFileType = text.xcconfig; name = "Pods-city_iosTests.release.xcconfig"; path = "Target Support Files/Pods-city_iosTests/Pods-city_iosTests.release.xcconfig"; sourceTree = "<group>"; };
/* End PBXFileReference section */

/* Begin PBXFrameworksBuildPhase section */
		223D0FB171047798C96E65E8 /* Frameworks */ = {
			isa = PBXFrameworksBuildPhase;
			buildActionMask = 2147483647;
			files = (
				32BB6468A04D7365DE9A7C7B /* Pods_city_ios.framework in Frameworks */,
			);
			runOnlyForDeploymentPostprocessing = 0;
		};
		2B381D1642E894EC992630FE /* Frameworks */ = {
			isa = PBXFrameworksBuildPhase;
			buildActionMask = 2147483647;
			files = (
				3B8F805E546FC73B05615444 /* Pods_city_iosTests.framework in Frameworks */,
			);
			runOnlyForDeploymentPostprocessing = 0;
		};
		61136B3707AF914B4C59C067 /* Frameworks */ = {
			isa = PBXFrameworksBuildPhase;
			buildActionMask = 2147483647;
			files = (
				48A076F68A67910BB3E643F6 /* Pods_city_ios_city_iosUITests.framework in Frameworks */,
			);
			runOnlyForDeploymentPostprocessing = 0;
		};
/* End PBXFrameworksBuildPhase section */

/* Begin PBXGroup section */
		07D59E8D07E4EA661D6AED27 /* DependencyInjection */ = {
			isa = PBXGroup;
			children = (
				77D637C2590C52ABB7E5E5A3 /* DependencyManager.swift */,
				9E61F7E2478D06F41A7B4611 /* Inject.swift */,
				63E0B637C1F56748A2CE8F64 /* Injectable.swift */,
				461CB2D97D1E09104343F057 /* Resolver.swift */,
			);
			path = DependencyInjection;
			sourceTree = "<group>";
		};
		0BBB2BE19D6B3135DF18B9D7 /* DependencyInjection */ = {
			isa = PBXGroup;
			children = (
				CCBE3849A1833EEA4C9EC58B /* DependencyManager.swift */,
			);
			path = DependencyInjection;
			sourceTree = "<group>";
		};
		14219A191405137C8D98B338 /* Repository */ = {
			isa = PBXGroup;
			children = (
				F7E449E36CAD27B4B72E00CE /* Api */,
				23D9028C616763F27A693D45 /* Local */,
				BFC0D16E378F8C46FA970938 /* Session */,
			);
			path = Repository;
			sourceTree = "<group>";
		};
		1E4F868CFEAF00181E075E6A /* Response */ = {
			isa = PBXGroup;
			children = (
				F5E4BD481BD4B6B0DD90576E /* RegisterResponse.swift */,
			);
			path = Response;
			sourceTree = "<group>";
		};
		21F8345E08B5276C5B344B2B /* city_ios */ = {
			isa = PBXGroup;
			children = (
				B8E400CDD08143D418F977A5 /* Assets.xcassets */,
				C869FD73C20857C8C2F5F1B3 /* city_ios.entitlements */,
				6C22DC9BA445D8D71C35725A /* city_iosApp.swift */,
				E8AE643A048E50151D93D85A /* Info.plist */,
				D4B61FBA2E67637071F3F8EC /* Application */,
				E1E1DD743EEC84BA975649A9 /* Domain */,
				8E5FC61F1830CB8680EFEDE3 /* Infrastructure */,
				33B4F62817043F183E015DA7 /* Presentation */,
				30B45135E686F120D4A6A9D4 /* Preview Content */,
			);
			path = city_ios;
			sourceTree = "<group>";
		};
		22ACCBA139BF8E8D089D3101 /* Cell */ = {
			isa = PBXGroup;
			children = (
				A0C74A862D604FEAFDA4E52E /* CCellPlayer.swift */,
			);
			path = Cell;
			sourceTree = "<group>";
		};
		23D9028C616763F27A693D45 /* Local */ = {
			isa = PBXGroup;
			children = (
				A79132119F4A50E78608D48B /* BrightnessRepository.swift */,
			);
			path = Local;
			sourceTree = "<group>";
		};
		245A9DACF27F98ECAD32620C /* Team */ = {
			isa = PBXGroup;
			children = (
				5AC341C2D860DA8CA3F88BC2 /* PlayerListRepository.swift */,
			);
			path = Team;
			sourceTree = "<group>";
		};
		2B87108B1FB20E30A280B9C0 /* Repository */ = {
			isa = PBXGroup;
			children = (
				010EDCACFC8E881F9A28A07A /* UpdateTokenRepositoryProtocol.swift */,
			);
			path = Repository;
			sourceTree = "<group>";
		};
		2BB08769D13A87310C2A38A6 /* Component */ = {
			isa = PBXGroup;
			children = (
				3C08251C7AAC8DF430225832 /* ViewProtocol.swift */,
				9575475D5E284F3AE9815AA6 /* Button */,
				22ACCBA139BF8E8D089D3101 /* Cell */,
				F91436D06C459E77BFE2332F /* Error */,
				8DB80666FB32A60689CC3A89 /* Image */,
				A3F09CAAED85B1601D37B9F3 /* Label */,
				D1A8A4DCEF22086B14E0CF45 /* TextField */,
			);
			path = Component;
			sourceTree = "<group>";
		};
		2CCEEAADEB21A1546B5176DF /* UseCase */ = {
			isa = PBXGroup;
			children = (
				A192D5735895BD9539AD6D86 /* UpdateTokenUseCase.swift */,
			);
			path = UseCase;
			sourceTree = "<group>";
		};
		2F6AE8846C7F95DDF92E7B35 = {
			isa = PBXGroup;
			children = (
				21F8345E08B5276C5B344B2B /* city_ios */,
				57D5C603B1A9085B8876EE11 /* city_iosTests */,
				486267697A72B32E72DB5FB7 /* city_iosUITests */,
				CA6C612F59037764FDFB069F /* configuration */,
				9AA4FC80F073BA58D92C5CB9 /* Products */,
				322961469B733FC5362DFFD5 /* Pods */,
				A69A4DFF5196286D11D4BB44 /* Frameworks */,
			);
			sourceTree = "<group>";
		};
		30B45135E686F120D4A6A9D4 /* Preview Content */ = {
			isa = PBXGroup;
			children = (
				53124BA50542490E0980B2C8 /* Preview Assets.xcassets */,
			);
			path = "Preview Content";
			sourceTree = "<group>";
		};
		322961469B733FC5362DFFD5 /* Pods */ = {
			isa = PBXGroup;
			children = (
				AE00E88AC14063CC462C9D7D /* Pods-city_ios.debug.xcconfig */,
				3024870F059D63ECD81EA1CF /* Pods-city_ios.preprod.xcconfig */,
				F2A33AC27E53564A6B339BE5 /* Pods-city_ios.release.xcconfig */,
				B948E64AEB258F4AC1412735 /* Pods-city_ios-city_iosUITests.debug.xcconfig */,
				9119975E69E160F7AFD8AD66 /* Pods-city_ios-city_iosUITests.preprod.xcconfig */,
				D6500DEAFF1FC8826C97319C /* Pods-city_ios-city_iosUITests.release.xcconfig */,
				34A853E72E8C60D9FE0A60B7 /* Pods-city_iosTests.debug.xcconfig */,
				48375375300201F49146C199 /* Pods-city_iosTests.preprod.xcconfig */,
				FDD5742A1C25368A01C468BB /* Pods-city_iosTests.release.xcconfig */,
			);
			path = Pods;
			sourceTree = "<group>";
		};
		33B4F62817043F183E015DA7 /* Presentation */ = {
			isa = PBXGroup;
			children = (
				343A5D345072885BEB71E976 /* MainView.swift */,
				437D9D09406C69D10569FF3F /* MainViewModel.swift */,
				4894C7404161D85BD6CD0E7F /* Login */,
				6C64B580830F03D6AD7C3223 /* Register */,
				AF05ACD9E95DAA79BBE8779B /* Team */,
			);
			path = Presentation;
			sourceTree = "<group>";
		};
		46D7DA86C31B1184C7D9DD0B /* Repository */ = {
			isa = PBXGroup;
			children = (
				09E2E5C5584A0DF83C5ACB30 /* RegisterRepositoryProtocol.swift */,
			);
			path = Repository;
			sourceTree = "<group>";
		};
		486267697A72B32E72DB5FB7 /* city_iosUITests */ = {
			isa = PBXGroup;
			children = (
				2BE7850553E6F29CB575E59F /* city_iosUITests.swift */,
				25243E88D0464F31D5AC6B59 /* city_iosUITestsLaunchTests.swift */,
			);
			path = city_iosUITests;
			sourceTree = "<group>";
		};
		4894C7404161D85BD6CD0E7F /* Login */ = {
			isa = PBXGroup;
			children = (
				B7742F5F8BFE0D03489073C0 /* LoginView.swift */,
			);
			path = Login;
			sourceTree = "<group>";
		};
		4F285969AF38CC0DEF452380 /* Resources */ = {
			isa = PBXGroup;
			children = (
				6576BAA4E48B5D79B9AFFCF3 /* Colors.xcassets */,
				3F54090EB424939738E19044 /* Images.xcassets */,
				43E6D547A5861148D4860A34 /* Localizable.strings */,
				8BA4863349D62881FE272184 /* Localizable.strings */,
			);
			path = Resources;
			sourceTree = "<group>";
		};
		5157129D74B6AD7CFC9198AC /* PlayerList */ = {
			isa = PBXGroup;
			children = (
				7ABE22586537FFCACF5729D9 /* PlayerListView.swift */,
				CAEDBC8ECB8462B345B1D251 /* PlayerListViewModel.swift */,
			);
			path = PlayerList;
			sourceTree = "<group>";
		};
		545A9FA5B53FC88956525929 /* UseCase */ = {
			isa = PBXGroup;
			children = (
				CE13FA7A1B59AFDAAA435272 /* UpdateTokenUseCaseProtocol.swift */,
			);
			path = UseCase;
			sourceTree = "<group>";
		};
		54D3045882E0BC28ABF18961 /* Request */ = {
			isa = PBXGroup;
			children = (
				317694A828CBB15ABB968BB3 /* PlayerListRequest.swift */,
			);
			path = Request;
			sourceTree = "<group>";
		};
		57D5C603B1A9085B8876EE11 /* city_iosTests */ = {
			isa = PBXGroup;
			children = (
				419DED3ADEB40553E648BD8A /* city_iosTests.swift */,
				EB90D356FD71FDF513E3B97C /* RegisterRepositoryMocked.swift */,
				0BBB2BE19D6B3135DF18B9D7 /* DependencyInjection */,
			);
			path = city_iosTests;
			sourceTree = "<group>";
		};
		58890C0535EDD139CD9563DE /* Register */ = {
			isa = PBXGroup;
			children = (
				92B002CBC20993C19B06F0D3 /* RegisterRepository.swift */,
			);
			path = Register;
			sourceTree = "<group>";
		};
		619BE4CEB62A233FB99FEFDE /* Protocol */ = {
			isa = PBXGroup;
			children = (
				46D7DA86C31B1184C7D9DD0B /* Repository */,
				9DCDA2929F49ED194FD0E3C5 /* UseCase */,
			);
			path = Protocol;
			sourceTree = "<group>";
		};
		6608F961CD7A074E4F1E3647 /* Repository */ = {
			isa = PBXGroup;
			children = (
				F9E2B9865806F4FC9BD756CB /* PlayerListRepositoryProtocol.swift */,
			);
			path = Repository;
			sourceTree = "<group>";
		};
		6C64B580830F03D6AD7C3223 /* Register */ = {
			isa = PBXGroup;
			children = (
				F15A67343B9A87E3A8E334F2 /* RegisterView.swift */,
				6B22425CF9403808534DC643 /* RegisterViewModel.swift */,
			);
			path = Register;
			sourceTree = "<group>";
		};
		6E8D9780D8FC62C4A24C3430 /* Shared */ = {
			isa = PBXGroup;
			children = (
				CCF1E3B3833F1BE49BDC7005 /* Token */,
			);
			path = Shared;
			sourceTree = "<group>";
		};
		7716C57CAA9D04C0D861CCE2 /* Protocol */ = {
			isa = PBXGroup;
			children = (
				2B87108B1FB20E30A280B9C0 /* Repository */,
				545A9FA5B53FC88956525929 /* UseCase */,
			);
			path = Protocol;
			sourceTree = "<group>";
		};
		7B075CC204910C76F6DA8C78 /* Config */ = {
			isa = PBXGroup;
			children = (
				ED1350E687ADB7D8C1ED828F /* Api.swift */,
				7BE74062D91611DB33C970D5 /* NetworkError.swift */,
			);
			path = Config;
			sourceTree = "<group>";
		};
		832C144E44334AEFBE75A676 /* Team */ = {
			isa = PBXGroup;
			children = (
				6608F961CD7A074E4F1E3647 /* Repository */,
				54D3045882E0BC28ABF18961 /* Request */,
				DAC1C80271A47846DD1548A1 /* Response */,
			);
			path = Team;
			sourceTree = "<group>";
		};
		8DB80666FB32A60689CC3A89 /* Image */ = {
			isa = PBXGroup;
			children = (
				0B2B10D51F09B2D4554D4367 /* CCircleImage.swift */,
			);
			path = Image;
			sourceTree = "<group>";
		};
		8E5FC61F1830CB8680EFEDE3 /* Infrastructure */ = {
			isa = PBXGroup;
			children = (
				AAFF04145CBCEBFBEA933A1E /* Model */,
				C30A7974DB6B059FE8AD30DD /* Network */,
				14219A191405137C8D98B338 /* Repository */,
				C54977F9CABD6E68AFA1F69E /* SwiftGen */,
			);
			path = Infrastructure;
			sourceTree = "<group>";
		};
		9575475D5E284F3AE9815AA6 /* Button */ = {
			isa = PBXGroup;
			children = (
				AD877D177F34FCDF5CA99775 /* CButtonReverse.swift */,
			);
			path = Button;
			sourceTree = "<group>";
		};
		9AA4FC80F073BA58D92C5CB9 /* Products */ = {
			isa = PBXGroup;
			children = (
				B8DA0161C81E69C5BA989839 /* city_ios.app */,
				C80B141C8B60F538A7C4BFF7 /* city_iosTests.xctest */,
				94CECF39BBB59A52473557CD /* city_iosUITests.xctest */,
			);
			name = Products;
			sourceTree = "<group>";
		};
		9DCDA2929F49ED194FD0E3C5 /* UseCase */ = {
			isa = PBXGroup;
			children = (
				834660A3A1FC0E6E2179A0E5 /* RegisterUseCaseProtocol.swift */,
			);
			path = UseCase;
			sourceTree = "<group>";
		};
		A3F09CAAED85B1601D37B9F3 /* Label */ = {
			isa = PBXGroup;
			children = (
				7151F01E66521B090A193E22 /* CLabelIcon.swift */,
			);
			path = Label;
			sourceTree = "<group>";
		};
		A68015D4B10B92AD12C8897F /* Request */ = {
			isa = PBXGroup;
			children = (
				E2DE440AD3E871FBA94CC656 /* RegisterRequest.swift */,
			);
			path = Request;
			sourceTree = "<group>";
		};
		A69A4DFF5196286D11D4BB44 /* Frameworks */ = {
			isa = PBXGroup;
			children = (
				FD7665C1F0C6D6F5BA7D41D4 /* Pods_city_ios.framework */,
				EF315B661EF6E6BC8380082A /* Pods_city_ios_city_iosUITests.framework */,
				4897F8B25D93626B166B30F2 /* Pods_city_iosTests.framework */,
			);
			name = Frameworks;
			sourceTree = "<group>";
		};
		A8C9AF1FD2D8A7528FE78E38 /* Token */ = {
			isa = PBXGroup;
			children = (
				7A192F26A6104E4802A2EC16 /* UpdateTokenRepository.swift */,
			);
			path = Token;
			sourceTree = "<group>";
		};
		AAFF04145CBCEBFBEA933A1E /* Model */ = {
			isa = PBXGroup;
			children = (
				34A2ECC7FA8548B8F5A51F12 /* Player.swift */,
			);
			path = Model;
			sourceTree = "<group>";
		};
		AD0A2F8879FB3AA6E28D86C7 /* Response */ = {
			isa = PBXGroup;
			children = (
				031F00FDE69BA4CC0E2BC305 /* UpdateTokenResponse.swift */,
			);
			path = Response;
			sourceTree = "<group>";
		};
		AF05ACD9E95DAA79BBE8779B /* Team */ = {
			isa = PBXGroup;
			children = (
				8F21724C2D472ECDDA45DE26 /* TeamView.swift */,
				E2678B2D635D2F7E10F808FB /* TeamViewModel.swift */,
				5157129D74B6AD7CFC9198AC /* PlayerList */,
			);
			path = Team;
			sourceTree = "<group>";
		};
		BFC0D16E378F8C46FA970938 /* Session */ = {
			isa = PBXGroup;
			children = (
				7D2AC19B325852EAA91F74D3 /* TokenRepository.swift */,
				A8C9AF1FD2D8A7528FE78E38 /* Token */,
			);
			path = Session;
			sourceTree = "<group>";
		};
		C30A7974DB6B059FE8AD30DD /* Network */ = {
			isa = PBXGroup;
			children = (
				7B075CC204910C76F6DA8C78 /* Config */,
				DC3EFC7F60B395C7285AC294 /* Router */,
			);
			path = Network;
			sourceTree = "<group>";
		};
		C54977F9CABD6E68AFA1F69E /* SwiftGen */ = {
			isa = PBXGroup;
			children = (
				5DBEBA5F1546D7EB679E0C7F /* Colors+Generated.swift */,
				20FC883900713FF031606D47 /* Images+Generated.swift */,
				53CC45D86B2595AD4BAE7995 /* Localized+Generated.swift */,
			);
			path = SwiftGen;
			sourceTree = "<group>";
		};
		C7F6AD471236B8044A4ABB30 /* Request */ = {
			isa = PBXGroup;
			children = (
				07A1FDBD9A41026631508A45 /* UpdateTokenRequest.swift */,
			);
			path = Request;
			sourceTree = "<group>";
		};
		CA6C612F59037764FDFB069F /* configuration */ = {
			isa = PBXGroup;
			children = (
				69F0403C317A629501DB850C /* debug.xcconfig */,
				473CDEF960632E1DF5C8614E /* release.xcconfig */,
			);
			path = configuration;
			sourceTree = "<group>";
		};
		CCF1E3B3833F1BE49BDC7005 /* Token */ = {
			isa = PBXGroup;
			children = (
				7716C57CAA9D04C0D861CCE2 /* Protocol */,
				C7F6AD471236B8044A4ABB30 /* Request */,
				AD0A2F8879FB3AA6E28D86C7 /* Response */,
				2CCEEAADEB21A1546B5176DF /* UseCase */,
			);
			path = Token;
			sourceTree = "<group>";
		};
		D1A8A4DCEF22086B14E0CF45 /* TextField */ = {
			isa = PBXGroup;
			children = (
				47494C67FF1E0519EEC1559D /* CTextField.swift */,
				E0F5791F2B95AA9BF330A618 /* CTextFieldRounded.swift */,
			);
			path = TextField;
			sourceTree = "<group>";
		};
		D4B61FBA2E67637071F3F8EC /* Application */ = {
			isa = PBXGroup;
			children = (
				2BB08769D13A87310C2A38A6 /* Component */,
				07D59E8D07E4EA661D6AED27 /* DependencyInjection */,
				4F285969AF38CC0DEF452380 /* Resources */,
			);
			path = Application;
			sourceTree = "<group>";
		};
		DAC1C80271A47846DD1548A1 /* Response */ = {
			isa = PBXGroup;
			children = (
				03B10BF98A47BC10940F0258 /* PlayerListResponse.swift */,
			);
			path = Response;
			sourceTree = "<group>";
		};
		DC3EFC7F60B395C7285AC294 /* Router */ = {
			isa = PBXGroup;
			children = (
				0791003733E98DE5D13739DA /* RegisterRouter.swift */,
			);
			path = Router;
			sourceTree = "<group>";
		};
		E1E1DD743EEC84BA975649A9 /* Domain */ = {
			isa = PBXGroup;
			children = (
				E320B8DD09D56FF74B338BD4 /* Register */,
				6E8D9780D8FC62C4A24C3430 /* Shared */,
				832C144E44334AEFBE75A676 /* Team */,
			);
			path = Domain;
			sourceTree = "<group>";
		};
		E320B8DD09D56FF74B338BD4 /* Register */ = {
			isa = PBXGroup;
			children = (
				619BE4CEB62A233FB99FEFDE /* Protocol */,
				A68015D4B10B92AD12C8897F /* Request */,
				1E4F868CFEAF00181E075E6A /* Response */,
			);
			path = Register;
			sourceTree = "<group>";
		};
		F7E449E36CAD27B4B72E00CE /* Api */ = {
			isa = PBXGroup;
			children = (
				58890C0535EDD139CD9563DE /* Register */,
				245A9DACF27F98ECAD32620C /* Team */,
			);
			path = Api;
			sourceTree = "<group>";
		};
		F91436D06C459E77BFE2332F /* Error */ = {
			isa = PBXGroup;
			children = (
				E5B28D794069609E280BB751 /* CTextFieldEmptyError.swift */,
				9CE9724D9A27DCEAA9F1FED7 /* ErrorText.swift */,
			);
			path = Error;
			sourceTree = "<group>";
		};
/* End PBXGroup section */

/* Begin PBXNativeTarget section */
		624FFF56B35EA3C2397F7A0E /* city_ios */ = {
			isa = PBXNativeTarget;
			buildConfigurationList = 340F7F11F6E75BDF04F73227 /* Build configuration list for PBXNativeTarget "city_ios" */;
			buildPhases = (
				7D549F79966334CA01EADA30 /* [CP] Check Pods Manifest.lock */,
				99AA82802D0680100EFE3981 /* Sources */,
				34358EAFA74907E64A49FF72 /* Resources */,
				6B093FE295C1104A4459C788 /* SwiftGen */,
				223D0FB171047798C96E65E8 /* Frameworks */,
				6EBC96173C32620AEA98BFB2 /* [CP] Embed Pods Frameworks */,
			);
			buildRules = (
			);
			dependencies = (
			);
			name = city_ios;
			productName = city_ios;
			productReference = B8DA0161C81E69C5BA989839 /* city_ios.app */;
			productType = "com.apple.product-type.application";
		};
		7825BDA53DACC3FEFD4E92C4 /* city_iosUITests */ = {
			isa = PBXNativeTarget;
			buildConfigurationList = 73BFF90E0F8CB657FC1F9414 /* Build configuration list for PBXNativeTarget "city_iosUITests" */;
			buildPhases = (
				142E6F5BB4A7058D3D7C2040 /* [CP] Check Pods Manifest.lock */,
				3A341C660896ED227473315D /* Sources */,
				61136B3707AF914B4C59C067 /* Frameworks */,
				5947E4E8054579E1B56AD31F /* [CP] Embed Pods Frameworks */,
			);
			buildRules = (
			);
			dependencies = (
			);
			name = city_iosUITests;
			productName = city_iosUITests;
			productReference = 94CECF39BBB59A52473557CD /* city_iosUITests.xctest */;
			productType = "com.apple.product-type.bundle.ui-testing";
		};
		D67FB8E7CCCF7134F9C8A1D2 /* city_iosTests */ = {
			isa = PBXNativeTarget;
			buildConfigurationList = FCAC6F23E5A3EAB3BAB62222 /* Build configuration list for PBXNativeTarget "city_iosTests" */;
			buildPhases = (
				98D581A481EA94C9CDDC2863 /* [CP] Check Pods Manifest.lock */,
				11FDB2D635C424A2FAABC0B8 /* Sources */,
				2B381D1642E894EC992630FE /* Frameworks */,
			);
			buildRules = (
			);
			dependencies = (
			);
			name = city_iosTests;
			productName = city_iosTests;
			productReference = C80B141C8B60F538A7C4BFF7 /* city_iosTests.xctest */;
			productType = "com.apple.product-type.bundle.unit-test";
		};
/* End PBXNativeTarget section */

/* Begin PBXProject section */
		592D0AE75AA44EB1B51B3E38 /* Project object */ = {
			isa = PBXProject;
			attributes = {
				LastUpgradeCheck = 1200;
			};
			buildConfigurationList = BAEAD4AAAA02AA0C1B80ECCD /* Build configuration list for PBXProject "city_ios" */;
			compatibilityVersion = "Xcode 11.0";
			developmentRegion = en;
			hasScannedForEncodings = 0;
			knownRegions = (
				Base,
				en,
				fr,
			);
			mainGroup = 2F6AE8846C7F95DDF92E7B35;
			productRefGroup = 9AA4FC80F073BA58D92C5CB9 /* Products */;
			projectDirPath = "";
			projectRoot = "";
			targets = (
				624FFF56B35EA3C2397F7A0E /* city_ios */,
				D67FB8E7CCCF7134F9C8A1D2 /* city_iosTests */,
				7825BDA53DACC3FEFD4E92C4 /* city_iosUITests */,
			);
		};
/* End PBXProject section */

/* Begin PBXResourcesBuildPhase section */
		34358EAFA74907E64A49FF72 /* Resources */ = {
			isa = PBXResourcesBuildPhase;
			buildActionMask = 2147483647;
			files = (
				9D926527F6117A78B9771C39 /* Assets.xcassets in Resources */,
				32BAD44328F0FBA273D33CD5 /* Colors.xcassets in Resources */,
				76D51AF1C784CB5F34975462 /* Images.xcassets in Resources */,
				55F1FDF6C8E1106AF41378DC /* Localizable.strings in Resources */,
				7BA6D7397BF61952A2ED3ACF /* Localizable.strings in Resources */,
				A4715FDF397362B02A5BDAAC /* Preview Assets.xcassets in Resources */,
			);
			runOnlyForDeploymentPostprocessing = 0;
		};
/* End PBXResourcesBuildPhase section */

/* Begin PBXShellScriptBuildPhase section */
		142E6F5BB4A7058D3D7C2040 /* [CP] Check Pods Manifest.lock */ = {
			isa = PBXShellScriptBuildPhase;
			buildActionMask = 2147483647;
			files = (
			);
			inputFileListPaths = (
			);
			inputPaths = (
				"${PODS_PODFILE_DIR_PATH}/Podfile.lock",
				"${PODS_ROOT}/Manifest.lock",
			);
			name = "[CP] Check Pods Manifest.lock";
			outputFileListPaths = (
			);
			outputPaths = (
				"$(DERIVED_FILE_DIR)/Pods-city_ios-city_iosUITests-checkManifestLockResult.txt",
			);
			runOnlyForDeploymentPostprocessing = 0;
			shellPath = /bin/sh;
			shellScript = "diff \"${PODS_PODFILE_DIR_PATH}/Podfile.lock\" \"${PODS_ROOT}/Manifest.lock\" > /dev/null\nif [ $? != 0 ] ; then\n    # print error to STDERR\n    echo \"error: The sandbox is not in sync with the Podfile.lock. Run 'pod install' or update your CocoaPods installation.\" >&2\n    exit 1\nfi\n# This output is used by Xcode 'outputs' to avoid re-running this script phase.\necho \"SUCCESS\" > \"${SCRIPT_OUTPUT_FILE_0}\"\n";
			showEnvVarsInLog = 0;
		};
		5947E4E8054579E1B56AD31F /* [CP] Embed Pods Frameworks */ = {
			isa = PBXShellScriptBuildPhase;
			buildActionMask = 2147483647;
			files = (
			);
			inputFileListPaths = (
				"${PODS_ROOT}/Target Support Files/Pods-city_ios-city_iosUITests/Pods-city_ios-city_iosUITests-frameworks-${CONFIGURATION}-input-files.xcfilelist",
			);
			name = "[CP] Embed Pods Frameworks";
			outputFileListPaths = (
				"${PODS_ROOT}/Target Support Files/Pods-city_ios-city_iosUITests/Pods-city_ios-city_iosUITests-frameworks-${CONFIGURATION}-output-files.xcfilelist",
			);
			runOnlyForDeploymentPostprocessing = 0;
			shellPath = /bin/sh;
			shellScript = "\"${PODS_ROOT}/Target Support Files/Pods-city_ios-city_iosUITests/Pods-city_ios-city_iosUITests-frameworks.sh\"\n";
			showEnvVarsInLog = 0;
		};
		6B093FE295C1104A4459C788 /* SwiftGen */ = {
			isa = PBXShellScriptBuildPhase;
			buildActionMask = 2147483647;
			files = (
			);
			inputFileListPaths = (
			);
			inputPaths = (
			);
			name = SwiftGen;
			outputFileListPaths = (
			);
			outputPaths = (
			);
			runOnlyForDeploymentPostprocessing = 0;
			shellPath = /bin/sh;
			shellScript = "if [[ -f \"${PODS_ROOT}/SwiftGen/bin/swiftgen\" ]]; then\n  \"${PODS_ROOT}/SwiftGen/bin/swiftgen\" …\nelse\n  echo \"warning: SwiftGen is not installed. Run 'pod install --repo-update' to install it.\"\nfi\n";
		};
		6EBC96173C32620AEA98BFB2 /* [CP] Embed Pods Frameworks */ = {
			isa = PBXShellScriptBuildPhase;
			buildActionMask = 2147483647;
			files = (
			);
			inputFileListPaths = (
				"${PODS_ROOT}/Target Support Files/Pods-city_ios/Pods-city_ios-frameworks-${CONFIGURATION}-input-files.xcfilelist",
			);
			name = "[CP] Embed Pods Frameworks";
			outputFileListPaths = (
				"${PODS_ROOT}/Target Support Files/Pods-city_ios/Pods-city_ios-frameworks-${CONFIGURATION}-output-files.xcfilelist",
			);
			runOnlyForDeploymentPostprocessing = 0;
			shellPath = /bin/sh;
			shellScript = "\"${PODS_ROOT}/Target Support Files/Pods-city_ios/Pods-city_ios-frameworks.sh\"\n";
			showEnvVarsInLog = 0;
		};
		7D549F79966334CA01EADA30 /* [CP] Check Pods Manifest.lock */ = {
			isa = PBXShellScriptBuildPhase;
			buildActionMask = 2147483647;
			files = (
			);
			inputFileListPaths = (
			);
			inputPaths = (
				"${PODS_PODFILE_DIR_PATH}/Podfile.lock",
				"${PODS_ROOT}/Manifest.lock",
			);
			name = "[CP] Check Pods Manifest.lock";
			outputFileListPaths = (
			);
			outputPaths = (
				"$(DERIVED_FILE_DIR)/Pods-city_ios-checkManifestLockResult.txt",
			);
			runOnlyForDeploymentPostprocessing = 0;
			shellPath = /bin/sh;
			shellScript = "diff \"${PODS_PODFILE_DIR_PATH}/Podfile.lock\" \"${PODS_ROOT}/Manifest.lock\" > /dev/null\nif [ $? != 0 ] ; then\n    # print error to STDERR\n    echo \"error: The sandbox is not in sync with the Podfile.lock. Run 'pod install' or update your CocoaPods installation.\" >&2\n    exit 1\nfi\n# This output is used by Xcode 'outputs' to avoid re-running this script phase.\necho \"SUCCESS\" > \"${SCRIPT_OUTPUT_FILE_0}\"\n";
			showEnvVarsInLog = 0;
		};
		98D581A481EA94C9CDDC2863 /* [CP] Check Pods Manifest.lock */ = {
			isa = PBXShellScriptBuildPhase;
			buildActionMask = 2147483647;
			files = (
			);
			inputFileListPaths = (
			);
			inputPaths = (
				"${PODS_PODFILE_DIR_PATH}/Podfile.lock",
				"${PODS_ROOT}/Manifest.lock",
			);
			name = "[CP] Check Pods Manifest.lock";
			outputFileListPaths = (
			);
			outputPaths = (
				"$(DERIVED_FILE_DIR)/Pods-city_iosTests-checkManifestLockResult.txt",
			);
			runOnlyForDeploymentPostprocessing = 0;
			shellPath = /bin/sh;
			shellScript = "diff \"${PODS_PODFILE_DIR_PATH}/Podfile.lock\" \"${PODS_ROOT}/Manifest.lock\" > /dev/null\nif [ $? != 0 ] ; then\n    # print error to STDERR\n    echo \"error: The sandbox is not in sync with the Podfile.lock. Run 'pod install' or update your CocoaPods installation.\" >&2\n    exit 1\nfi\n# This output is used by Xcode 'outputs' to avoid re-running this script phase.\necho \"SUCCESS\" > \"${SCRIPT_OUTPUT_FILE_0}\"\n";
			showEnvVarsInLog = 0;
		};
/* End PBXShellScriptBuildPhase section */

/* Begin PBXSourcesBuildPhase section */
		11FDB2D635C424A2FAABC0B8 /* Sources */ = {
			isa = PBXSourcesBuildPhase;
			buildActionMask = 2147483647;
			files = (
				F59898AFF9EE82E7C4286147 /* DependencyManager.swift in Sources */,
				AB770AA1184647EF9F6D22A8 /* RegisterRepositoryMocked.swift in Sources */,
				C4B9FC5D6E4F7E4103B38D61 /* city_iosTests.swift in Sources */,
			);
			runOnlyForDeploymentPostprocessing = 0;
		};
		3A341C660896ED227473315D /* Sources */ = {
			isa = PBXSourcesBuildPhase;
			buildActionMask = 2147483647;
			files = (
				3F1F87C6B70835DA7A2754EE /* city_iosUITests.swift in Sources */,
				FDEADFDAF0A6E0640A875E23 /* city_iosUITestsLaunchTests.swift in Sources */,
			);
			runOnlyForDeploymentPostprocessing = 0;
		};
		99AA82802D0680100EFE3981 /* Sources */ = {
			isa = PBXSourcesBuildPhase;
			buildActionMask = 2147483647;
			files = (
				41D4352F61DA2932C4DEB1F4 /* Api.swift in Sources */,
				FFA453852FF92ED2C75889BE /* BrightnessRepository.swift in Sources */,
				775E6A15145BD570B033107E /* CButtonReverse.swift in Sources */,
				9FAA66B10A04B43D4539C2DC /* CCellPlayer.swift in Sources */,
				B58F74CF3907940F3F455466 /* CCircleImage.swift in Sources */,
				CDF56033A01D6BAFD04F963A /* CLabelIcon.swift in Sources */,
				5666F1B35084DA597E493D39 /* CTextField.swift in Sources */,
				310703AFDEBC10C8C66C63D3 /* CTextFieldEmptyError.swift in Sources */,
				92BB473B31BA1575C0011657 /* CTextFieldRounded.swift in Sources */,
				8CB4283E1EE29F08F19B2392 /* Colors+Generated.swift in Sources */,
				52EDA6C335831E07D36AA125 /* DependencyManager.swift in Sources */,
				C0D5140813F7A3FEB9D6CE47 /* ErrorText.swift in Sources */,
				732F1A357AFB47FC2C75DD30 /* Images+Generated.swift in Sources */,
				5A86BACE66CA79ED26EE2000 /* Inject.swift in Sources */,
				4F5E0D039513E157D136134A /* Injectable.swift in Sources */,
				98559500E2C48B844E455FE2 /* Localized+Generated.swift in Sources */,
				B64865F8604B10CF91FBCFD2 /* LoginView.swift in Sources */,
				EBC0F5CE93E573B68A7A55C0 /* MainView.swift in Sources */,
				F3D4ED13530149095F5A413D /* MainViewModel.swift in Sources */,
				969793366CCAD85C6EE1C9DA /* NetworkError.swift in Sources */,
				E59F34F7905B36484957C8EF /* Player.swift in Sources */,
				5E592892579975DC5168BDA2 /* PlayerListRepository.swift in Sources */,
				92D9565DD5C24DBDDB40F417 /* PlayerListRepositoryProtocol.swift in Sources */,
				2702A85CCDF86912F82B0B94 /* PlayerListRequest.swift in Sources */,
				AF27DDE878499CB6B9CDD789 /* PlayerListResponse.swift in Sources */,
				B548B5958CBEAB32470DBA4D /* PlayerListView.swift in Sources */,
				B71E1C572F65831FFF32BDED /* PlayerListViewModel.swift in Sources */,
				59AC675C9B570845BC4183E1 /* RegisterRepository.swift in Sources */,
				D35D83CCF220278DEEC3C469 /* RegisterRepositoryProtocol.swift in Sources */,
				FE7124092F519A84FE779239 /* RegisterRequest.swift in Sources */,
				D19D89E4DD8E34C13B2C7494 /* RegisterResponse.swift in Sources */,
				BB1EFDF979D19A0526720CA4 /* RegisterRouter.swift in Sources */,
				D01A5B50C949046E3F1D4BCA /* RegisterUseCaseProtocol.swift in Sources */,
				DF157F9286711C79885763AD /* RegisterView.swift in Sources */,
				5593D31DD230E1222420AB0E /* RegisterViewModel.swift in Sources */,
				1689DD3B1C10706A6470575C /* Resolver.swift in Sources */,
				AF8387C92EA5DAB587A90CC5 /* TeamView.swift in Sources */,
				C238C6D2FF9E2C6C02A28F62 /* TeamViewModel.swift in Sources */,
				04B9A4769E29CE668827A613 /* TokenRepository.swift in Sources */,
				F1FD13E865CFD3862947B757 /* UpdateTokenRepository.swift in Sources */,
				6BA2E30750CE498C564BE298 /* UpdateTokenRepositoryProtocol.swift in Sources */,
				C2DD37754948519252B0B222 /* UpdateTokenRequest.swift in Sources */,
				DC9B22FF4F11FE08D9311E55 /* UpdateTokenResponse.swift in Sources */,
				E7AF200A6EB4DFEE95768104 /* UpdateTokenUseCase.swift in Sources */,
				E2A8DF76CEF1F83B8507690A /* UpdateTokenUseCaseProtocol.swift in Sources */,
				62E792ED3B1BE1E19BB7277C /* ViewProtocol.swift in Sources */,
				893381762130B5C2F244B9D1 /* city_iosApp.swift in Sources */,
			);
			runOnlyForDeploymentPostprocessing = 0;
		};
/* End PBXSourcesBuildPhase section */

/* Begin PBXVariantGroup section */
		8BA4863349D62881FE272184 /* Localizable.strings */ = {
			isa = PBXVariantGroup;
			children = (
				8883626F36625EDFE374122E /* en */,
				DD72CB379CAA986231C1180C /* fr */,
			);
			name = Localizable.strings;
			sourceTree = "<group>";
		};
/* End PBXVariantGroup section */

/* Begin XCBuildConfiguration section */
		56CCF9E6BB7389B34C2D2EF3 /* preprod */ = {
			isa = XCBuildConfiguration;
			baseConfigurationReference = 3024870F059D63ECD81EA1CF /* Pods-city_ios.preprod.xcconfig */;
			buildSettings = {
				ASSETCATALOG_COMPILER_APPICON_NAME = AppIcon;
				CODE_SIGN_ENTITLEMENTS = city_ios/city_ios.entitlements;
				CODE_SIGN_IDENTITY = "iPhone Developer";
				CURRENT_PROJECT_VERSION = 1;
				INFOPLIST_FILE = city_ios/Info.plist;
				IPHONEOS_DEPLOYMENT_TARGET = 16.0;
				LD_RUNPATH_SEARCH_PATHS = (
					"$(inherited)",
					"@executable_path/Frameworks",
				);
				MARKETING_VERSION = 0.0.1;
				PREPROD_BUILD_SETTINGS = preprod;
				PRODUCT_BUNDLE_IDENTIFIER = "com.dev-factory.city-ios";
				SDKROOT = iphoneos;
				TARGETED_DEVICE_FAMILY = "1,2";
			};
			name = preprod;
		};
		612D5436835A5B87C880C6AD /* debug */ = {
			isa = XCBuildConfiguration;
			baseConfigurationReference = B948E64AEB258F4AC1412735 /* Pods-city_ios-city_iosUITests.debug.xcconfig */;
			buildSettings = {
				BUNDLE_LOADER = "$(TEST_HOST)";
				LD_RUNPATH_SEARCH_PATHS = (
					"$(inherited)",
					"@executable_path/Frameworks",
					"@loader_path/Frameworks",
				);
				PRODUCT_BUNDLE_IDENTIFIER = "com.dev-factory.city-iosUITests";
				SDKROOT = iphoneos;
				TARGETED_DEVICE_FAMILY = "1,2";
			};
			name = debug;
		};
		6566980B642C7FD5770A04CD /* debug */ = {
			isa = XCBuildConfiguration;
			baseConfigurationReference = 69F0403C317A629501DB850C /* debug.xcconfig */;
			buildSettings = {
				ASSETCATALOG_COMPILER_APPICON_NAME = AppIcon;
				CODE_SIGN_ENTITLEMENTS = city_ios/city_ios.entitlements;
				CODE_SIGN_IDENTITY = "iPhone Developer";
				CURRENT_PROJECT_VERSION = 1;
				DEV_BUILD_SETTINGS = debug;
				INFOPLIST_FILE = city_ios/Info.plist;
				IPHONEOS_DEPLOYMENT_TARGET = 16.0;
				LD_RUNPATH_SEARCH_PATHS = (
					"$(inherited)",
					"@executable_path/Frameworks",
				);
				MARKETING_VERSION = 0.0.1;
				PRODUCT_BUNDLE_IDENTIFIER = "com.dev-factory.city-ios";
				SDKROOT = iphoneos;
				TARGETED_DEVICE_FAMILY = "1,2";
			};
			name = debug;
		};
		7B718CAA75A4A11766FC0344 /* debug */ = {
			isa = XCBuildConfiguration;
			baseConfigurationReference = 69F0403C317A629501DB850C /* debug.xcconfig */;
			buildSettings = {
				ALWAYS_SEARCH_USER_PATHS = NO;
				CLANG_ANALYZER_NONNULL = YES;
				CLANG_ANALYZER_NUMBER_OBJECT_CONVERSION = YES_AGGRESSIVE;
				CLANG_CXX_LANGUAGE_STANDARD = "gnu++14";
				CLANG_CXX_LIBRARY = "libc++";
				CLANG_ENABLE_MODULES = YES;
				CLANG_ENABLE_OBJC_ARC = YES;
				CLANG_ENABLE_OBJC_WEAK = YES;
				CLANG_WARN_BLOCK_CAPTURE_AUTORELEASING = YES;
				CLANG_WARN_BOOL_CONVERSION = YES;
				CLANG_WARN_COMMA = YES;
				CLANG_WARN_CONSTANT_CONVERSION = YES;
				CLANG_WARN_DEPRECATED_OBJC_IMPLEMENTATIONS = YES;
				CLANG_WARN_DIRECT_OBJC_ISA_USAGE = YES_ERROR;
				CLANG_WARN_DOCUMENTATION_COMMENTS = YES;
				CLANG_WARN_EMPTY_BODY = YES;
				CLANG_WARN_ENUM_CONVERSION = YES;
				CLANG_WARN_INFINITE_RECURSION = YES;
				CLANG_WARN_INT_CONVERSION = YES;
				CLANG_WARN_NON_LITERAL_NULL_CONVERSION = YES;
				CLANG_WARN_OBJC_IMPLICIT_RETAIN_SELF = YES;
				CLANG_WARN_OBJC_LITERAL_CONVERSION = YES;
				CLANG_WARN_OBJC_ROOT_CLASS = YES_ERROR;
				CLANG_WARN_QUOTED_INCLUDE_IN_FRAMEWORK_HEADER = YES;
				CLANG_WARN_RANGE_LOOP_ANALYSIS = YES;
				CLANG_WARN_STRICT_PROTOTYPES = YES;
				CLANG_WARN_SUSPICIOUS_MOVE = YES;
				CLANG_WARN_UNGUARDED_AVAILABILITY = YES_AGGRESSIVE;
				CLANG_WARN_UNREACHABLE_CODE = YES;
				CLANG_WARN__DUPLICATE_METHOD_MATCH = YES;
				COPY_PHASE_STRIP = NO;
				DEBUG_INFORMATION_FORMAT = dwarf;
				ENABLE_STRICT_OBJC_MSGSEND = YES;
				ENABLE_TESTABILITY = YES;
				GCC_C_LANGUAGE_STANDARD = gnu11;
				GCC_DYNAMIC_NO_PIC = NO;
				GCC_NO_COMMON_BLOCKS = YES;
				GCC_OPTIMIZATION_LEVEL = 0;
				GCC_PREPROCESSOR_DEFINITIONS = (
					"$(inherited)",
					"DEBUG=1",
				);
				GCC_WARN_64_TO_32_BIT_CONVERSION = YES;
				GCC_WARN_ABOUT_RETURN_TYPE = YES_ERROR;
				GCC_WARN_UNDECLARED_SELECTOR = YES;
				GCC_WARN_UNINITIALIZED_AUTOS = YES_AGGRESSIVE;
				GCC_WARN_UNUSED_FUNCTION = YES;
				GCC_WARN_UNUSED_VARIABLE = YES;
				MTL_ENABLE_DEBUG_INFO = INCLUDE_SOURCE;
				MTL_FAST_MATH = YES;
				ONLY_ACTIVE_ARCH = YES;
				PRODUCT_NAME = "$(TARGET_NAME)";
				SDKROOT = iphoneos;
				SWIFT_ACTIVE_COMPILATION_CONDITIONS = DEBUG;
				SWIFT_OPTIMIZATION_LEVEL = "-Onone";
				SWIFT_VERSION = 5.0;
			};
			name = debug;
		};
		805FEC49AB0D564714EA1F1E /* release */ = {
			isa = XCBuildConfiguration;
			baseConfigurationReference = FDD5742A1C25368A01C468BB /* Pods-city_iosTests.release.xcconfig */;
			buildSettings = {
				BUNDLE_LOADER = "$(TEST_HOST)";
				LD_RUNPATH_SEARCH_PATHS = (
					"$(inherited)",
					"@executable_path/Frameworks",
					"@loader_path/Frameworks",
				);
				PRODUCT_BUNDLE_IDENTIFIER = "com.dev-factory.city-iosTests";
				SDKROOT = iphoneos;
				TARGETED_DEVICE_FAMILY = "1,2";
			};
			name = release;
		};
		8683C79132751BE57F5DA461 /* preprod */ = {
			isa = XCBuildConfiguration;
			baseConfigurationReference = 48375375300201F49146C199 /* Pods-city_iosTests.preprod.xcconfig */;
			buildSettings = {
				BUNDLE_LOADER = "$(TEST_HOST)";
				LD_RUNPATH_SEARCH_PATHS = (
					"$(inherited)",
					"@executable_path/Frameworks",
					"@loader_path/Frameworks",
				);
				PRODUCT_BUNDLE_IDENTIFIER = "com.dev-factory.city-iosTests";
				SDKROOT = iphoneos;
				TARGETED_DEVICE_FAMILY = "1,2";
			};
			name = preprod;
		};
		9E3C3CE8ED1A2C9DDF8FF7E7 /* debug */ = {
			isa = XCBuildConfiguration;
			baseConfigurationReference = 34A853E72E8C60D9FE0A60B7 /* Pods-city_iosTests.debug.xcconfig */;
			buildSettings = {
				BUNDLE_LOADER = "$(TEST_HOST)";
				LD_RUNPATH_SEARCH_PATHS = (
					"$(inherited)",
					"@executable_path/Frameworks",
					"@loader_path/Frameworks",
				);
				PRODUCT_BUNDLE_IDENTIFIER = "com.dev-factory.city-iosTests";
				SDKROOT = iphoneos;
				TARGETED_DEVICE_FAMILY = "1,2";
			};
			name = debug;
		};
		A0114144D6D6467DF908CA72 /* release */ = {
			isa = XCBuildConfiguration;
			baseConfigurationReference = 473CDEF960632E1DF5C8614E /* release.xcconfig */;
			buildSettings = {
				ALWAYS_SEARCH_USER_PATHS = NO;
				CLANG_ANALYZER_NONNULL = YES;
				CLANG_ANALYZER_NUMBER_OBJECT_CONVERSION = YES_AGGRESSIVE;
				CLANG_CXX_LANGUAGE_STANDARD = "gnu++14";
				CLANG_CXX_LIBRARY = "libc++";
				CLANG_ENABLE_MODULES = YES;
				CLANG_ENABLE_OBJC_ARC = YES;
				CLANG_ENABLE_OBJC_WEAK = YES;
				CLANG_WARN_BLOCK_CAPTURE_AUTORELEASING = YES;
				CLANG_WARN_BOOL_CONVERSION = YES;
				CLANG_WARN_COMMA = YES;
				CLANG_WARN_CONSTANT_CONVERSION = YES;
				CLANG_WARN_DEPRECATED_OBJC_IMPLEMENTATIONS = YES;
				CLANG_WARN_DIRECT_OBJC_ISA_USAGE = YES_ERROR;
				CLANG_WARN_DOCUMENTATION_COMMENTS = YES;
				CLANG_WARN_EMPTY_BODY = YES;
				CLANG_WARN_ENUM_CONVERSION = YES;
				CLANG_WARN_INFINITE_RECURSION = YES;
				CLANG_WARN_INT_CONVERSION = YES;
				CLANG_WARN_NON_LITERAL_NULL_CONVERSION = YES;
				CLANG_WARN_OBJC_IMPLICIT_RETAIN_SELF = YES;
				CLANG_WARN_OBJC_LITERAL_CONVERSION = YES;
				CLANG_WARN_OBJC_ROOT_CLASS = YES_ERROR;
				CLANG_WARN_QUOTED_INCLUDE_IN_FRAMEWORK_HEADER = YES;
				CLANG_WARN_RANGE_LOOP_ANALYSIS = YES;
				CLANG_WARN_STRICT_PROTOTYPES = YES;
				CLANG_WARN_SUSPICIOUS_MOVE = YES;
				CLANG_WARN_UNGUARDED_AVAILABILITY = YES_AGGRESSIVE;
				CLANG_WARN_UNREACHABLE_CODE = YES;
				CLANG_WARN__DUPLICATE_METHOD_MATCH = YES;
				COPY_PHASE_STRIP = NO;
				DEBUG_INFORMATION_FORMAT = "dwarf-with-dsym";
				ENABLE_NS_ASSERTIONS = NO;
				ENABLE_STRICT_OBJC_MSGSEND = YES;
				GCC_C_LANGUAGE_STANDARD = gnu11;
				GCC_NO_COMMON_BLOCKS = YES;
				GCC_WARN_64_TO_32_BIT_CONVERSION = YES;
				GCC_WARN_ABOUT_RETURN_TYPE = YES_ERROR;
				GCC_WARN_UNDECLARED_SELECTOR = YES;
				GCC_WARN_UNINITIALIZED_AUTOS = YES_AGGRESSIVE;
				GCC_WARN_UNUSED_FUNCTION = YES;
				GCC_WARN_UNUSED_VARIABLE = YES;
				MTL_ENABLE_DEBUG_INFO = NO;
				MTL_FAST_MATH = YES;
				PRODUCT_NAME = "$(TARGET_NAME)";
				SDKROOT = iphoneos;
				SWIFT_COMPILATION_MODE = wholemodule;
				SWIFT_OPTIMIZATION_LEVEL = "-O";
				SWIFT_VERSION = 5.0;
			};
			name = release;
		};
		A6D0F5947D95BD3E75EAC448 /* release */ = {
			isa = XCBuildConfiguration;
			baseConfigurationReference = D6500DEAFF1FC8826C97319C /* Pods-city_ios-city_iosUITests.release.xcconfig */;
			buildSettings = {
				BUNDLE_LOADER = "$(TEST_HOST)";
				LD_RUNPATH_SEARCH_PATHS = (
					"$(inherited)",
					"@executable_path/Frameworks",
					"@loader_path/Frameworks",
				);
				PRODUCT_BUNDLE_IDENTIFIER = "com.dev-factory.city-iosUITests";
				SDKROOT = iphoneos;
				TARGETED_DEVICE_FAMILY = "1,2";
			};
			name = release;
		};
		E9AA65581DB29EF034E65AC3 /* release */ = {
			isa = XCBuildConfiguration;
			baseConfigurationReference = 473CDEF960632E1DF5C8614E /* release.xcconfig */;
			buildSettings = {
				ASSETCATALOG_COMPILER_APPICON_NAME = AppIcon;
				CODE_SIGN_ENTITLEMENTS = city_ios/city_ios.entitlements;
				CODE_SIGN_IDENTITY = "iPhone Developer";
				CURRENT_PROJECT_VERSION = 1;
				INFOPLIST_FILE = city_ios/Info.plist;
				IPHONEOS_DEPLOYMENT_TARGET = 16.0;
				LD_RUNPATH_SEARCH_PATHS = (
					"$(inherited)",
					"@executable_path/Frameworks",
				);
				MARKETING_VERSION = 0.0.1;
				PRODUCT_BUNDLE_IDENTIFIER = "com.dev-factory.city-ios";
				RELEASE_BUILD_SETTINGS = release;
				SDKROOT = iphoneos;
				TARGETED_DEVICE_FAMILY = "1,2";
			};
			name = release;
		};
		ECB40A954DB4C6A3160BA238 /* preprod */ = {
			isa = XCBuildConfiguration;
			buildSettings = {
				ALWAYS_SEARCH_USER_PATHS = NO;
				CLANG_ANALYZER_NONNULL = YES;
				CLANG_ANALYZER_NUMBER_OBJECT_CONVERSION = YES_AGGRESSIVE;
				CLANG_CXX_LANGUAGE_STANDARD = "gnu++14";
				CLANG_CXX_LIBRARY = "libc++";
				CLANG_ENABLE_MODULES = YES;
				CLANG_ENABLE_OBJC_ARC = YES;
				CLANG_ENABLE_OBJC_WEAK = YES;
				CLANG_WARN_BLOCK_CAPTURE_AUTORELEASING = YES;
				CLANG_WARN_BOOL_CONVERSION = YES;
				CLANG_WARN_COMMA = YES;
				CLANG_WARN_CONSTANT_CONVERSION = YES;
				CLANG_WARN_DEPRECATED_OBJC_IMPLEMENTATIONS = YES;
				CLANG_WARN_DIRECT_OBJC_ISA_USAGE = YES_ERROR;
				CLANG_WARN_DOCUMENTATION_COMMENTS = YES;
				CLANG_WARN_EMPTY_BODY = YES;
				CLANG_WARN_ENUM_CONVERSION = YES;
				CLANG_WARN_INFINITE_RECURSION = YES;
				CLANG_WARN_INT_CONVERSION = YES;
				CLANG_WARN_NON_LITERAL_NULL_CONVERSION = YES;
				CLANG_WARN_OBJC_IMPLICIT_RETAIN_SELF = YES;
				CLANG_WARN_OBJC_LITERAL_CONVERSION = YES;
				CLANG_WARN_OBJC_ROOT_CLASS = YES_ERROR;
				CLANG_WARN_QUOTED_INCLUDE_IN_FRAMEWORK_HEADER = YES;
				CLANG_WARN_RANGE_LOOP_ANALYSIS = YES;
				CLANG_WARN_STRICT_PROTOTYPES = YES;
				CLANG_WARN_SUSPICIOUS_MOVE = YES;
				CLANG_WARN_UNGUARDED_AVAILABILITY = YES_AGGRESSIVE;
				CLANG_WARN_UNREACHABLE_CODE = YES;
				CLANG_WARN__DUPLICATE_METHOD_MATCH = YES;
				COPY_PHASE_STRIP = NO;
				DEBUG_INFORMATION_FORMAT = "dwarf-with-dsym";
				ENABLE_NS_ASSERTIONS = NO;
				ENABLE_STRICT_OBJC_MSGSEND = YES;
				GCC_C_LANGUAGE_STANDARD = gnu11;
				GCC_NO_COMMON_BLOCKS = YES;
				GCC_WARN_64_TO_32_BIT_CONVERSION = YES;
				GCC_WARN_ABOUT_RETURN_TYPE = YES_ERROR;
				GCC_WARN_UNDECLARED_SELECTOR = YES;
				GCC_WARN_UNINITIALIZED_AUTOS = YES_AGGRESSIVE;
				GCC_WARN_UNUSED_FUNCTION = YES;
				GCC_WARN_UNUSED_VARIABLE = YES;
				MTL_ENABLE_DEBUG_INFO = NO;
				MTL_FAST_MATH = YES;
				PRODUCT_NAME = "$(TARGET_NAME)";
				SDKROOT = iphoneos;
				SWIFT_COMPILATION_MODE = wholemodule;
				SWIFT_OPTIMIZATION_LEVEL = "-O";
				SWIFT_VERSION = 5.0;
			};
			name = preprod;
		};
		FDC83E1EB9417E37AC4B94FB /* preprod */ = {
			isa = XCBuildConfiguration;
			baseConfigurationReference = 9119975E69E160F7AFD8AD66 /* Pods-city_ios-city_iosUITests.preprod.xcconfig */;
			buildSettings = {
				BUNDLE_LOADER = "$(TEST_HOST)";
				LD_RUNPATH_SEARCH_PATHS = (
					"$(inherited)",
					"@executable_path/Frameworks",
					"@loader_path/Frameworks",
				);
				PRODUCT_BUNDLE_IDENTIFIER = "com.dev-factory.city-iosUITests";
				SDKROOT = iphoneos;
				TARGETED_DEVICE_FAMILY = "1,2";
			};
			name = preprod;
		};
/* End XCBuildConfiguration section */

/* Begin XCConfigurationList section */
		340F7F11F6E75BDF04F73227 /* Build configuration list for PBXNativeTarget "city_ios" */ = {
			isa = XCConfigurationList;
			buildConfigurations = (
				6566980B642C7FD5770A04CD /* debug */,
				56CCF9E6BB7389B34C2D2EF3 /* preprod */,
				E9AA65581DB29EF034E65AC3 /* release */,
			);
			defaultConfigurationIsVisible = 0;
			defaultConfigurationName = debug;
		};
		73BFF90E0F8CB657FC1F9414 /* Build configuration list for PBXNativeTarget "city_iosUITests" */ = {
			isa = XCConfigurationList;
			buildConfigurations = (
				612D5436835A5B87C880C6AD /* debug */,
				FDC83E1EB9417E37AC4B94FB /* preprod */,
				A6D0F5947D95BD3E75EAC448 /* release */,
			);
			defaultConfigurationIsVisible = 0;
			defaultConfigurationName = debug;
		};
		BAEAD4AAAA02AA0C1B80ECCD /* Build configuration list for PBXProject "city_ios" */ = {
			isa = XCConfigurationList;
			buildConfigurations = (
				7B718CAA75A4A11766FC0344 /* debug */,
				ECB40A954DB4C6A3160BA238 /* preprod */,
				A0114144D6D6467DF908CA72 /* release */,
			);
			defaultConfigurationIsVisible = 0;
			defaultConfigurationName = debug;
		};
		FCAC6F23E5A3EAB3BAB62222 /* Build configuration list for PBXNativeTarget "city_iosTests" */ = {
			isa = XCConfigurationList;
			buildConfigurations = (
				9E3C3CE8ED1A2C9DDF8FF7E7 /* debug */,
				8683C79132751BE57F5DA461 /* preprod */,
				805FEC49AB0D564714EA1F1E /* release */,
			);
			defaultConfigurationIsVisible = 0;
			defaultConfigurationName = debug;
		};
/* End XCConfigurationList section */
	};
	rootObject = 592D0AE75AA44EB1B51B3E38 /* Project object */;
}
