// !$*UTF8*$!
{
	archiveVersion = 1;
	classes = {
	};
	objectVersion = 56;
	objects = {

/* Begin PBXBuildFile section */
		0C72411311CB7E9641E390DF /* Pods_city_iosTests.framework in Frameworks */ = {isa = PBXBuildFile; fileRef = 848B1E9A011D3D8C643A6D3F /* Pods_city_iosTests.framework */; };
		AD7F62784EAFEAC2BCC6DFDD /* Pods_city_ios_city_iosUITests.framework in Frameworks */ = {isa = PBXBuildFile; fileRef = EF309027685A1F8DAFF39B29 /* Pods_city_ios_city_iosUITests.framework */; };
		BD08841B28FFFCFE00FB6D74 /* CTextField.swift in Sources */ = {isa = PBXBuildFile; fileRef = BD08841A28FFFCFE00FB6D74 /* CTextField.swift */; };
		BD088420290000D900FB6D74 /* Localized+Generated.swift in Sources */ = {isa = PBXBuildFile; fileRef = BD08841F290000D900FB6D74 /* Localized+Generated.swift */; };
		BD088422290000F700FB6D74 /* Images+Generated.swift in Sources */ = {isa = PBXBuildFile; fileRef = BD088421290000F700FB6D74 /* Images+Generated.swift */; };
		BD0884242900012200FB6D74 /* Colors+Generated.swift in Sources */ = {isa = PBXBuildFile; fileRef = BD0884232900012200FB6D74 /* Colors+Generated.swift */; };
		BD0884262900014300FB6D74 /* Images.xcassets in Resources */ = {isa = PBXBuildFile; fileRef = BD0884252900014300FB6D74 /* Images.xcassets */; };
		BD08842A2900017D00FB6D74 /* Colors.xcassets in Resources */ = {isa = PBXBuildFile; fileRef = BD0884292900017D00FB6D74 /* Colors.xcassets */; };
		BD08842B2900022A00FB6D74 /* Localizable.strings in Resources */ = {isa = PBXBuildFile; fileRef = BD08842D2900022A00FB6D74 /* Localizable.strings */; };
		BD0884302900027500FB6D74 /* Localizable.strings in Resources */ = {isa = PBXBuildFile; fileRef = BD0884322900027500FB6D74 /* Localizable.strings */; };
		BD2A3ED82930B34300B7EA24 /* CTextFieldEmptyError.swift in Sources */ = {isa = PBXBuildFile; fileRef = BD2A3ED72930B34300B7EA24 /* CTextFieldEmptyError.swift */; };
		BD2A3EDA2930F15500B7EA24 /* ErrorText.swift in Sources */ = {isa = PBXBuildFile; fileRef = BD2A3ED92930F15500B7EA24 /* ErrorText.swift */; };
		BD2A3EDD2930FA0500B7EA24 /* CButtonReverse.swift in Sources */ = {isa = PBXBuildFile; fileRef = BD2A3EDC2930FA0500B7EA24 /* CButtonReverse.swift */; };
		BD2A3EE02932187600B7EA24 /* Player.swift in Sources */ = {isa = PBXBuildFile; fileRef = BD2A3EDF2932187600B7EA24 /* Player.swift */; };
		BD2A3EE3293221E700B7EA24 /* TeamViewModel.swift in Sources */ = {isa = PBXBuildFile; fileRef = BD2A3EE2293221E700B7EA24 /* TeamViewModel.swift */; };
		BD2A3EE52932220D00B7EA24 /* TeamView.swift in Sources */ = {isa = PBXBuildFile; fileRef = BD2A3EE42932220D00B7EA24 /* TeamView.swift */; };
		BD2A3EE82932228800B7EA24 /* PlayerListView.swift in Sources */ = {isa = PBXBuildFile; fileRef = BD2A3EE72932228800B7EA24 /* PlayerListView.swift */; };
		BD2A3EEA293222E800B7EA24 /* PlayerListViewModel.swift in Sources */ = {isa = PBXBuildFile; fileRef = BD2A3EE9293222E800B7EA24 /* PlayerListViewModel.swift */; };
		BD2A3EF02932252B00B7EA24 /* PlayerListRepositoryProtocol.swift in Sources */ = {isa = PBXBuildFile; fileRef = BD2A3EEF2932252B00B7EA24 /* PlayerListRepositoryProtocol.swift */; };
		BD2A3EF22932253F00B7EA24 /* PlayerListRequest.swift in Sources */ = {isa = PBXBuildFile; fileRef = BD2A3EF12932253F00B7EA24 /* PlayerListRequest.swift */; };
		BD2A3EF42932255200B7EA24 /* PlayerListResponse.swift in Sources */ = {isa = PBXBuildFile; fileRef = BD2A3EF32932255200B7EA24 /* PlayerListResponse.swift */; };
		BD2A3EF7293229C600B7EA24 /* PlayerListRepository.swift in Sources */ = {isa = PBXBuildFile; fileRef = BD2A3EF6293229C600B7EA24 /* PlayerListRepository.swift */; };
		BD2A3EFC29337B8B00B7EA24 /* CTextFieldRounded.swift in Sources */ = {isa = PBXBuildFile; fileRef = BD2A3EFB29337B8B00B7EA24 /* CTextFieldRounded.swift */; };
		BD2A3EFF29338B1200B7EA24 /* DependencyManager.swift in Sources */ = {isa = PBXBuildFile; fileRef = BD2A3EFE29338B1200B7EA24 /* DependencyManager.swift */; };
		BD2A3F0129338C9E00B7EA24 /* RegisterRepositoryMocked.swift in Sources */ = {isa = PBXBuildFile; fileRef = BD2A3F0029338C9E00B7EA24 /* RegisterRepositoryMocked.swift */; };
		BD2DD77D28F443310055EB5A /* NetworkError.swift in Sources */ = {isa = PBXBuildFile; fileRef = BD2DD77C28F443310055EB5A /* NetworkError.swift */; };
		BD2E978028F3FF3D00EE6E39 /* RegisterRepository.swift in Sources */ = {isa = PBXBuildFile; fileRef = BD2E977F28F3FF3D00EE6E39 /* RegisterRepository.swift */; };
		BD3C168E28F6F5630032CE1F /* LoginView.swift in Sources */ = {isa = PBXBuildFile; fileRef = BD3C168D28F6F5630032CE1F /* LoginView.swift */; };
		BD3C169028F6F9650032CE1F /* MainView.swift in Sources */ = {isa = PBXBuildFile; fileRef = BD3C168F28F6F9650032CE1F /* MainView.swift */; };
		BD3C169228F6FA5F0032CE1F /* MainViewModel.swift in Sources */ = {isa = PBXBuildFile; fileRef = BD3C169128F6FA5F0032CE1F /* MainViewModel.swift */; };
		BD3C16AE28F8B8230032CE1F /* BrightnessRepository.swift in Sources */ = {isa = PBXBuildFile; fileRef = BD3C16AD28F8B8230032CE1F /* BrightnessRepository.swift */; };
		BD407BBC28F2DD000075C419 /* RegisterView.swift in Sources */ = {isa = PBXBuildFile; fileRef = BD407BBB28F2DD000075C419 /* RegisterView.swift */; };
		BD407BBE28F2DD2B0075C419 /* RegisterViewModel.swift in Sources */ = {isa = PBXBuildFile; fileRef = BD407BBD28F2DD2B0075C419 /* RegisterViewModel.swift */; };
		BD407BC828F2E3DB0075C419 /* RegisterRouter.swift in Sources */ = {isa = PBXBuildFile; fileRef = BD407BC728F2E3DB0075C419 /* RegisterRouter.swift */; };
		BD407BCB28F2E5250075C419 /* RegisterRepositoryProtocol.swift in Sources */ = {isa = PBXBuildFile; fileRef = BD407BCA28F2E5250075C419 /* RegisterRepositoryProtocol.swift */; };
		BD407BD128F35DE70075C419 /* RegisterResponse.swift in Sources */ = {isa = PBXBuildFile; fileRef = BD407BD028F35DE70075C419 /* RegisterResponse.swift */; };
		BD407BD328F35DF30075C419 /* RegisterRequest.swift in Sources */ = {isa = PBXBuildFile; fileRef = BD407BD228F35DF30075C419 /* RegisterRequest.swift */; };
		BD5B7572292D0C5700F21976 /* Inject.swift in Sources */ = {isa = PBXBuildFile; fileRef = BD5B7571292D0C5700F21976 /* Inject.swift */; };
		BD5B7574292D0C6B00F21976 /* Resolver.swift in Sources */ = {isa = PBXBuildFile; fileRef = BD5B7573292D0C6B00F21976 /* Resolver.swift */; };
		BD5B7576292D0EDF00F21976 /* DependencyManager.swift in Sources */ = {isa = PBXBuildFile; fileRef = BD5B7575292D0EDF00F21976 /* DependencyManager.swift */; };
		BDCCC2B628F21C3900F79D1F /* city_iosApp.swift in Sources */ = {isa = PBXBuildFile; fileRef = BDCCC2B528F21C3900F79D1F /* city_iosApp.swift */; };
		BDCCC2B828F21C3900F79D1F /* Persistence.swift in Sources */ = {isa = PBXBuildFile; fileRef = BDCCC2B728F21C3900F79D1F /* Persistence.swift */; };
		BDCCC2BB28F21C3900F79D1F /* city_ios.xcdatamodeld in Sources */ = {isa = PBXBuildFile; fileRef = BDCCC2B928F21C3900F79D1F /* city_ios.xcdatamodeld */; };
		BDCCC2BD28F21C3900F79D1F /* ContentView.swift in Sources */ = {isa = PBXBuildFile; fileRef = BDCCC2BC28F21C3900F79D1F /* ContentView.swift */; };
		BDCCC2BF28F21C3B00F79D1F /* Assets.xcassets in Resources */ = {isa = PBXBuildFile; fileRef = BDCCC2BE28F21C3B00F79D1F /* Assets.xcassets */; };
		BDCCC2C328F21C3B00F79D1F /* Preview Assets.xcassets in Resources */ = {isa = PBXBuildFile; fileRef = BDCCC2C228F21C3B00F79D1F /* Preview Assets.xcassets */; };
		BDCCC2CD28F21C3B00F79D1F /* city_iosTests.swift in Sources */ = {isa = PBXBuildFile; fileRef = BDCCC2CC28F21C3B00F79D1F /* city_iosTests.swift */; };
		BDCCC2D728F21C3B00F79D1F /* city_iosUITests.swift in Sources */ = {isa = PBXBuildFile; fileRef = BDCCC2D628F21C3B00F79D1F /* city_iosUITests.swift */; };
		BDCCC2D928F21C3B00F79D1F /* city_iosUITestsLaunchTests.swift in Sources */ = {isa = PBXBuildFile; fileRef = BDCCC2D828F21C3B00F79D1F /* city_iosUITestsLaunchTests.swift */; };
		BDD245A328F6DCC300C4DDD1 /* Api.swift in Sources */ = {isa = PBXBuildFile; fileRef = BDD245A228F6DCC300C4DDD1 /* Api.swift */; };
		BDD245A928F6E1C800C4DDD1 /* TokenRepository.swift in Sources */ = {isa = PBXBuildFile; fileRef = BDD245A828F6E1C800C4DDD1 /* TokenRepository.swift */; };
		BDD245B128F6E8B600C4DDD1 /* UpdateTokenResponse.swift in Sources */ = {isa = PBXBuildFile; fileRef = BDD245B028F6E8B600C4DDD1 /* UpdateTokenResponse.swift */; };
		BDD245B328F6E8C100C4DDD1 /* UpdateTokenRequest.swift in Sources */ = {isa = PBXBuildFile; fileRef = BDD245B228F6E8C100C4DDD1 /* UpdateTokenRequest.swift */; };
		BDD245B528F6E8CE00C4DDD1 /* UpdateTokenUseCase.swift in Sources */ = {isa = PBXBuildFile; fileRef = BDD245B428F6E8CE00C4DDD1 /* UpdateTokenUseCase.swift */; };
		BDD245B928F6E94C00C4DDD1 /* UpdateTokenRepositoryProtocol.swift in Sources */ = {isa = PBXBuildFile; fileRef = BDD245B828F6E94C00C4DDD1 /* UpdateTokenRepositoryProtocol.swift */; };
		BDD245BB28F6E96D00C4DDD1 /* UpdateTokenUseCaseProtocol.swift in Sources */ = {isa = PBXBuildFile; fileRef = BDD245BA28F6E96D00C4DDD1 /* UpdateTokenUseCaseProtocol.swift */; };
		BDD245BE28F6E99200C4DDD1 /* UpdateTokenRepository.swift in Sources */ = {isa = PBXBuildFile; fileRef = BDD245BD28F6E99200C4DDD1 /* UpdateTokenRepository.swift */; };
		BDD900A728F3655E0077E971 /* Pods_city_ios.framework in Frameworks */ = {isa = PBXBuildFile; fileRef = BDD900A628F3655E0077E971 /* Pods_city_ios.framework */; };
		BDDED90B29379D0C00EE81DF /* CCircleImagePlayer.swift in Sources */ = {isa = PBXBuildFile; fileRef = BDDED90A29379D0C00EE81DF /* CCircleImagePlayer.swift */; };
/* End PBXBuildFile section */

/* Begin PBXContainerItemProxy section */
		BDCCC2C928F21C3B00F79D1F /* PBXContainerItemProxy */ = {
			isa = PBXContainerItemProxy;
			containerPortal = BDCCC2AA28F21C3900F79D1F /* Project object */;
			proxyType = 1;
			remoteGlobalIDString = BDCCC2B128F21C3900F79D1F;
			remoteInfo = city_ios;
		};
		BDCCC2D328F21C3B00F79D1F /* PBXContainerItemProxy */ = {
			isa = PBXContainerItemProxy;
			containerPortal = BDCCC2AA28F21C3900F79D1F /* Project object */;
			proxyType = 1;
			remoteGlobalIDString = BDCCC2B128F21C3900F79D1F;
			remoteInfo = city_ios;
		};
/* End PBXContainerItemProxy section */

/* Begin PBXFileReference section */
		0385D1C24C1EA6BC2D5D746E /* Pods_city_ios.framework */ = {isa = PBXFileReference; explicitFileType = wrapper.framework; includeInIndex = 0; path = Pods_city_ios.framework; sourceTree = BUILT_PRODUCTS_DIR; };
		33EB0270A77CA0E3511CADC3 /* Pods-city_ios-city_iosUITests.debug.xcconfig */ = {isa = PBXFileReference; includeInIndex = 1; lastKnownFileType = text.xcconfig; name = "Pods-city_ios-city_iosUITests.debug.xcconfig"; path = "Target Support Files/Pods-city_ios-city_iosUITests/Pods-city_ios-city_iosUITests.debug.xcconfig"; sourceTree = "<group>"; };
		482A83FEAEA0EFADC9C6B355 /* Pods-city_ios-city_iosUITests.release.xcconfig */ = {isa = PBXFileReference; includeInIndex = 1; lastKnownFileType = text.xcconfig; name = "Pods-city_ios-city_iosUITests.release.xcconfig"; path = "Target Support Files/Pods-city_ios-city_iosUITests/Pods-city_ios-city_iosUITests.release.xcconfig"; sourceTree = "<group>"; };
		848B1E9A011D3D8C643A6D3F /* Pods_city_iosTests.framework */ = {isa = PBXFileReference; explicitFileType = wrapper.framework; includeInIndex = 0; path = Pods_city_iosTests.framework; sourceTree = BUILT_PRODUCTS_DIR; };
		A83275A5BC81C07873D0FB16 /* Pods-city_ios.debug.xcconfig */ = {isa = PBXFileReference; includeInIndex = 1; lastKnownFileType = text.xcconfig; name = "Pods-city_ios.debug.xcconfig"; path = "Target Support Files/Pods-city_ios/Pods-city_ios.debug.xcconfig"; sourceTree = "<group>"; };
		BD08841A28FFFCFE00FB6D74 /* CTextField.swift */ = {isa = PBXFileReference; lastKnownFileType = sourcecode.swift; path = CTextField.swift; sourceTree = "<group>"; };
		BD08841F290000D900FB6D74 /* Localized+Generated.swift */ = {isa = PBXFileReference; lastKnownFileType = sourcecode.swift; path = "Localized+Generated.swift"; sourceTree = "<group>"; };
		BD088421290000F700FB6D74 /* Images+Generated.swift */ = {isa = PBXFileReference; lastKnownFileType = sourcecode.swift; path = "Images+Generated.swift"; sourceTree = "<group>"; };
		BD0884232900012200FB6D74 /* Colors+Generated.swift */ = {isa = PBXFileReference; lastKnownFileType = sourcecode.swift; path = "Colors+Generated.swift"; sourceTree = "<group>"; usesTabs = 0; };
		BD0884252900014300FB6D74 /* Images.xcassets */ = {isa = PBXFileReference; lastKnownFileType = folder.assetcatalog; path = Images.xcassets; sourceTree = "<group>"; };
		BD0884292900017D00FB6D74 /* Colors.xcassets */ = {isa = PBXFileReference; lastKnownFileType = folder.assetcatalog; path = Colors.xcassets; sourceTree = "<group>"; };
		BD08842C2900022A00FB6D74 /* en */ = {isa = PBXFileReference; lastKnownFileType = text.plist.strings; name = en; path = en.lproj/Localizable.strings; sourceTree = "<group>"; };
		BD0884312900027500FB6D74 /* fr */ = {isa = PBXFileReference; lastKnownFileType = text.plist.strings; name = fr; path = fr.lproj/Localizable.strings; sourceTree = "<group>"; };
		BD2A3ED72930B34300B7EA24 /* CTextFieldEmptyError.swift */ = {isa = PBXFileReference; lastKnownFileType = sourcecode.swift; path = CTextFieldEmptyError.swift; sourceTree = "<group>"; };
		BD2A3ED92930F15500B7EA24 /* ErrorText.swift */ = {isa = PBXFileReference; lastKnownFileType = sourcecode.swift; path = ErrorText.swift; sourceTree = "<group>"; };
		BD2A3EDC2930FA0500B7EA24 /* CButtonReverse.swift */ = {isa = PBXFileReference; lastKnownFileType = sourcecode.swift; path = CButtonReverse.swift; sourceTree = "<group>"; };
		BD2A3EDF2932187600B7EA24 /* Player.swift */ = {isa = PBXFileReference; lastKnownFileType = sourcecode.swift; path = Player.swift; sourceTree = "<group>"; };
		BD2A3EE2293221E700B7EA24 /* TeamViewModel.swift */ = {isa = PBXFileReference; lastKnownFileType = sourcecode.swift; path = TeamViewModel.swift; sourceTree = "<group>"; };
		BD2A3EE42932220D00B7EA24 /* TeamView.swift */ = {isa = PBXFileReference; lastKnownFileType = sourcecode.swift; path = TeamView.swift; sourceTree = "<group>"; };
		BD2A3EE72932228800B7EA24 /* PlayerListView.swift */ = {isa = PBXFileReference; lastKnownFileType = sourcecode.swift; path = PlayerListView.swift; sourceTree = "<group>"; };
		BD2A3EE9293222E800B7EA24 /* PlayerListViewModel.swift */ = {isa = PBXFileReference; lastKnownFileType = sourcecode.swift; path = PlayerListViewModel.swift; sourceTree = "<group>"; };
		BD2A3EEF2932252B00B7EA24 /* PlayerListRepositoryProtocol.swift */ = {isa = PBXFileReference; lastKnownFileType = sourcecode.swift; path = PlayerListRepositoryProtocol.swift; sourceTree = "<group>"; };
		BD2A3EF12932253F00B7EA24 /* PlayerListRequest.swift */ = {isa = PBXFileReference; lastKnownFileType = sourcecode.swift; path = PlayerListRequest.swift; sourceTree = "<group>"; };
		BD2A3EF32932255200B7EA24 /* PlayerListResponse.swift */ = {isa = PBXFileReference; lastKnownFileType = sourcecode.swift; path = PlayerListResponse.swift; sourceTree = "<group>"; };
		BD2A3EF6293229C600B7EA24 /* PlayerListRepository.swift */ = {isa = PBXFileReference; lastKnownFileType = sourcecode.swift; path = PlayerListRepository.swift; sourceTree = "<group>"; };
		BD2A3EFB29337B8B00B7EA24 /* CTextFieldRounded.swift */ = {isa = PBXFileReference; lastKnownFileType = sourcecode.swift; path = CTextFieldRounded.swift; sourceTree = "<group>"; };
		BD2A3EFE29338B1200B7EA24 /* DependencyManager.swift */ = {isa = PBXFileReference; lastKnownFileType = sourcecode.swift; path = DependencyManager.swift; sourceTree = "<group>"; };
		BD2A3F0029338C9E00B7EA24 /* RegisterRepositoryMocked.swift */ = {isa = PBXFileReference; lastKnownFileType = sourcecode.swift; path = RegisterRepositoryMocked.swift; sourceTree = "<group>"; };
		BD2DD77C28F443310055EB5A /* NetworkError.swift */ = {isa = PBXFileReference; lastKnownFileType = sourcecode.swift; path = NetworkError.swift; sourceTree = "<group>"; };
		BD2E977F28F3FF3D00EE6E39 /* RegisterRepository.swift */ = {isa = PBXFileReference; lastKnownFileType = sourcecode.swift; path = RegisterRepository.swift; sourceTree = "<group>"; };
		BD3C168D28F6F5630032CE1F /* LoginView.swift */ = {isa = PBXFileReference; lastKnownFileType = sourcecode.swift; path = LoginView.swift; sourceTree = "<group>"; };
		BD3C168F28F6F9650032CE1F /* MainView.swift */ = {isa = PBXFileReference; lastKnownFileType = sourcecode.swift; path = MainView.swift; sourceTree = "<group>"; };
		BD3C169128F6FA5F0032CE1F /* MainViewModel.swift */ = {isa = PBXFileReference; lastKnownFileType = sourcecode.swift; path = MainViewModel.swift; sourceTree = "<group>"; };
		BD3C16A128F764700032CE1F /* city-ios-Info.plist */ = {isa = PBXFileReference; lastKnownFileType = text.plist; path = "city-ios-Info.plist"; sourceTree = SOURCE_ROOT; };
		BD3C16AD28F8B8230032CE1F /* BrightnessRepository.swift */ = {isa = PBXFileReference; lastKnownFileType = sourcecode.swift; path = BrightnessRepository.swift; sourceTree = "<group>"; };
		BD407BBB28F2DD000075C419 /* RegisterView.swift */ = {isa = PBXFileReference; lastKnownFileType = sourcecode.swift; path = RegisterView.swift; sourceTree = "<group>"; };
		BD407BBD28F2DD2B0075C419 /* RegisterViewModel.swift */ = {isa = PBXFileReference; lastKnownFileType = sourcecode.swift; path = RegisterViewModel.swift; sourceTree = "<group>"; };
		BD407BC728F2E3DB0075C419 /* RegisterRouter.swift */ = {isa = PBXFileReference; lastKnownFileType = sourcecode.swift; path = RegisterRouter.swift; sourceTree = "<group>"; };
		BD407BCA28F2E5250075C419 /* RegisterRepositoryProtocol.swift */ = {isa = PBXFileReference; lastKnownFileType = sourcecode.swift; path = RegisterRepositoryProtocol.swift; sourceTree = "<group>"; };
		BD407BD028F35DE70075C419 /* RegisterResponse.swift */ = {isa = PBXFileReference; lastKnownFileType = sourcecode.swift; path = RegisterResponse.swift; sourceTree = "<group>"; };
		BD407BD228F35DF30075C419 /* RegisterRequest.swift */ = {isa = PBXFileReference; lastKnownFileType = sourcecode.swift; path = RegisterRequest.swift; sourceTree = "<group>"; };
		BD5B7571292D0C5700F21976 /* Inject.swift */ = {isa = PBXFileReference; lastKnownFileType = sourcecode.swift; path = Inject.swift; sourceTree = "<group>"; };
		BD5B7573292D0C6B00F21976 /* Resolver.swift */ = {isa = PBXFileReference; lastKnownFileType = sourcecode.swift; path = Resolver.swift; sourceTree = "<group>"; };
		BD5B7575292D0EDF00F21976 /* DependencyManager.swift */ = {isa = PBXFileReference; lastKnownFileType = sourcecode.swift; path = DependencyManager.swift; sourceTree = "<group>"; };
		BDCCC2B228F21C3900F79D1F /* city_ios.app */ = {isa = PBXFileReference; explicitFileType = wrapper.application; includeInIndex = 0; path = city_ios.app; sourceTree = BUILT_PRODUCTS_DIR; };
		BDCCC2B528F21C3900F79D1F /* city_iosApp.swift */ = {isa = PBXFileReference; lastKnownFileType = sourcecode.swift; path = city_iosApp.swift; sourceTree = "<group>"; };
		BDCCC2B728F21C3900F79D1F /* Persistence.swift */ = {isa = PBXFileReference; lastKnownFileType = sourcecode.swift; path = Persistence.swift; sourceTree = "<group>"; };
		BDCCC2BA28F21C3900F79D1F /* city_ios.xcdatamodel */ = {isa = PBXFileReference; lastKnownFileType = wrapper.xcdatamodel; path = city_ios.xcdatamodel; sourceTree = "<group>"; };
		BDCCC2BC28F21C3900F79D1F /* ContentView.swift */ = {isa = PBXFileReference; lastKnownFileType = sourcecode.swift; path = ContentView.swift; sourceTree = "<group>"; };
		BDCCC2BE28F21C3B00F79D1F /* Assets.xcassets */ = {isa = PBXFileReference; lastKnownFileType = folder.assetcatalog; path = Assets.xcassets; sourceTree = "<group>"; };
		BDCCC2C028F21C3B00F79D1F /* city_ios.entitlements */ = {isa = PBXFileReference; lastKnownFileType = text.plist.entitlements; path = city_ios.entitlements; sourceTree = "<group>"; };
		BDCCC2C228F21C3B00F79D1F /* Preview Assets.xcassets */ = {isa = PBXFileReference; lastKnownFileType = folder.assetcatalog; path = "Preview Assets.xcassets"; sourceTree = "<group>"; };
		BDCCC2C828F21C3B00F79D1F /* city_iosTests.xctest */ = {isa = PBXFileReference; explicitFileType = wrapper.cfbundle; includeInIndex = 0; path = city_iosTests.xctest; sourceTree = BUILT_PRODUCTS_DIR; };
		BDCCC2CC28F21C3B00F79D1F /* city_iosTests.swift */ = {isa = PBXFileReference; lastKnownFileType = sourcecode.swift; path = city_iosTests.swift; sourceTree = "<group>"; };
		BDCCC2D228F21C3B00F79D1F /* city_iosUITests.xctest */ = {isa = PBXFileReference; explicitFileType = wrapper.cfbundle; includeInIndex = 0; path = city_iosUITests.xctest; sourceTree = BUILT_PRODUCTS_DIR; };
		BDCCC2D628F21C3B00F79D1F /* city_iosUITests.swift */ = {isa = PBXFileReference; lastKnownFileType = sourcecode.swift; path = city_iosUITests.swift; sourceTree = "<group>"; };
		BDCCC2D828F21C3B00F79D1F /* city_iosUITestsLaunchTests.swift */ = {isa = PBXFileReference; lastKnownFileType = sourcecode.swift; path = city_iosUITestsLaunchTests.swift; sourceTree = "<group>"; };
		BDD245A228F6DCC300C4DDD1 /* Api.swift */ = {isa = PBXFileReference; lastKnownFileType = sourcecode.swift; path = Api.swift; sourceTree = "<group>"; };
		BDD245A828F6E1C800C4DDD1 /* TokenRepository.swift */ = {isa = PBXFileReference; lastKnownFileType = sourcecode.swift; path = TokenRepository.swift; sourceTree = "<group>"; };
		BDD245B028F6E8B600C4DDD1 /* UpdateTokenResponse.swift */ = {isa = PBXFileReference; lastKnownFileType = sourcecode.swift; path = UpdateTokenResponse.swift; sourceTree = "<group>"; };
		BDD245B228F6E8C100C4DDD1 /* UpdateTokenRequest.swift */ = {isa = PBXFileReference; lastKnownFileType = sourcecode.swift; path = UpdateTokenRequest.swift; sourceTree = "<group>"; };
		BDD245B428F6E8CE00C4DDD1 /* UpdateTokenUseCase.swift */ = {isa = PBXFileReference; lastKnownFileType = sourcecode.swift; path = UpdateTokenUseCase.swift; sourceTree = "<group>"; };
		BDD245B828F6E94C00C4DDD1 /* UpdateTokenRepositoryProtocol.swift */ = {isa = PBXFileReference; lastKnownFileType = sourcecode.swift; path = UpdateTokenRepositoryProtocol.swift; sourceTree = "<group>"; };
		BDD245BA28F6E96D00C4DDD1 /* UpdateTokenUseCaseProtocol.swift */ = {isa = PBXFileReference; lastKnownFileType = sourcecode.swift; path = UpdateTokenUseCaseProtocol.swift; sourceTree = "<group>"; };
		BDD245BD28F6E99200C4DDD1 /* UpdateTokenRepository.swift */ = {isa = PBXFileReference; lastKnownFileType = sourcecode.swift; path = UpdateTokenRepository.swift; sourceTree = "<group>"; };
		BDD900A628F3655E0077E971 /* Pods_city_ios.framework */ = {isa = PBXFileReference; explicitFileType = wrapper.framework; path = Pods_city_ios.framework; sourceTree = BUILT_PRODUCTS_DIR; };
		BDDED90A29379D0C00EE81DF /* CCircleImagePlayer.swift */ = {isa = PBXFileReference; lastKnownFileType = sourcecode.swift; path = CCircleImagePlayer.swift; sourceTree = "<group>"; };
		BDF6F88B28F3645F00550DB9 /* Alamofire.framework */ = {isa = PBXFileReference; explicitFileType = wrapper.framework; path = Alamofire.framework; sourceTree = BUILT_PRODUCTS_DIR; };
		BDFEF54B28F364CE00FAE20C /* Alamofire.framework */ = {isa = PBXFileReference; explicitFileType = wrapper.framework; path = Alamofire.framework; sourceTree = BUILT_PRODUCTS_DIR; };
		C5A828E994BA788122EC7D9B /* Pods-city_iosTests.debug.xcconfig */ = {isa = PBXFileReference; includeInIndex = 1; lastKnownFileType = text.xcconfig; name = "Pods-city_iosTests.debug.xcconfig"; path = "Target Support Files/Pods-city_iosTests/Pods-city_iosTests.debug.xcconfig"; sourceTree = "<group>"; };
		C7FCE4FC25FDFA3C660B9894 /* Pods-city_iosTests.release.xcconfig */ = {isa = PBXFileReference; includeInIndex = 1; lastKnownFileType = text.xcconfig; name = "Pods-city_iosTests.release.xcconfig"; path = "Target Support Files/Pods-city_iosTests/Pods-city_iosTests.release.xcconfig"; sourceTree = "<group>"; };
		D40E8394BEF1C1371F9DE1F8 /* Pods-city_ios-city_iosTests.release.xcconfig */ = {isa = PBXFileReference; includeInIndex = 1; lastKnownFileType = text.xcconfig; name = "Pods-city_ios-city_iosTests.release.xcconfig"; path = "Target Support Files/Pods-city_ios-city_iosTests/Pods-city_ios-city_iosTests.release.xcconfig"; sourceTree = "<group>"; };
		E1D3A68C3E4779FB50C1817F /* Pods-city_ios-city_iosTests.debug.xcconfig */ = {isa = PBXFileReference; includeInIndex = 1; lastKnownFileType = text.xcconfig; name = "Pods-city_ios-city_iosTests.debug.xcconfig"; path = "Target Support Files/Pods-city_ios-city_iosTests/Pods-city_ios-city_iosTests.debug.xcconfig"; sourceTree = "<group>"; };
		EF309027685A1F8DAFF39B29 /* Pods_city_ios_city_iosUITests.framework */ = {isa = PBXFileReference; explicitFileType = wrapper.framework; includeInIndex = 0; path = Pods_city_ios_city_iosUITests.framework; sourceTree = BUILT_PRODUCTS_DIR; };
		F6666B48F790496EB8AD1C09 /* Pods-city_ios.release.xcconfig */ = {isa = PBXFileReference; includeInIndex = 1; lastKnownFileType = text.xcconfig; name = "Pods-city_ios.release.xcconfig"; path = "Target Support Files/Pods-city_ios/Pods-city_ios.release.xcconfig"; sourceTree = "<group>"; };
/* End PBXFileReference section */

/* Begin PBXFrameworksBuildPhase section */
		BDCCC2AF28F21C3900F79D1F /* Frameworks */ = {
			isa = PBXFrameworksBuildPhase;
			buildActionMask = 2147483647;
			files = (
				BDD900A728F3655E0077E971 /* Pods_city_ios.framework in Frameworks */,
			);
			runOnlyForDeploymentPostprocessing = 0;
		};
		BDCCC2C528F21C3B00F79D1F /* Frameworks */ = {
			isa = PBXFrameworksBuildPhase;
			buildActionMask = 2147483647;
			files = (
				0C72411311CB7E9641E390DF /* Pods_city_iosTests.framework in Frameworks */,
			);
			runOnlyForDeploymentPostprocessing = 0;
		};
		BDCCC2CF28F21C3B00F79D1F /* Frameworks */ = {
			isa = PBXFrameworksBuildPhase;
			buildActionMask = 2147483647;
			files = (
				AD7F62784EAFEAC2BCC6DFDD /* Pods_city_ios_city_iosUITests.framework in Frameworks */,
			);
			runOnlyForDeploymentPostprocessing = 0;
		};
/* End PBXFrameworksBuildPhase section */

/* Begin PBXGroup section */
		3D738BBA53CBF0028E94C2D1 /* Pods */ = {
			isa = PBXGroup;
			children = (
				A83275A5BC81C07873D0FB16 /* Pods-city_ios.debug.xcconfig */,
				F6666B48F790496EB8AD1C09 /* Pods-city_ios.release.xcconfig */,
				33EB0270A77CA0E3511CADC3 /* Pods-city_ios-city_iosUITests.debug.xcconfig */,
				482A83FEAEA0EFADC9C6B355 /* Pods-city_ios-city_iosUITests.release.xcconfig */,
				C5A828E994BA788122EC7D9B /* Pods-city_iosTests.debug.xcconfig */,
				C7FCE4FC25FDFA3C660B9894 /* Pods-city_iosTests.release.xcconfig */,
				E1D3A68C3E4779FB50C1817F /* Pods-city_ios-city_iosTests.debug.xcconfig */,
				D40E8394BEF1C1371F9DE1F8 /* Pods-city_ios-city_iosTests.release.xcconfig */,
			);
			path = Pods;
			sourceTree = "<group>";
		};
		5BBA19118BFE8FBC5FFB0CB9 /* Frameworks */ = {
			isa = PBXGroup;
			children = (
				BDD900A628F3655E0077E971 /* Pods_city_ios.framework */,
				BDFEF54B28F364CE00FAE20C /* Alamofire.framework */,
				BDF6F88B28F3645F00550DB9 /* Alamofire.framework */,
				0385D1C24C1EA6BC2D5D746E /* Pods_city_ios.framework */,
				EF309027685A1F8DAFF39B29 /* Pods_city_ios_city_iosUITests.framework */,
				848B1E9A011D3D8C643A6D3F /* Pods_city_iosTests.framework */,
			);
			name = Frameworks;
			sourceTree = "<group>";
		};
		BD084EA3292FB8D100D735B6 /* Error */ = {
			isa = PBXGroup;
			children = (
				BD2A3ED72930B34300B7EA24 /* CTextFieldEmptyError.swift */,
				BD2A3ED92930F15500B7EA24 /* ErrorText.swift */,
			);
			path = Error;
			sourceTree = "<group>";
		};
		BD084EA4292FB8DB00D735B6 /* TextField */ = {
			isa = PBXGroup;
			children = (
				BD08841A28FFFCFE00FB6D74 /* CTextField.swift */,
				BD2A3EFB29337B8B00B7EA24 /* CTextFieldRounded.swift */,
			);
			path = TextField;
			sourceTree = "<group>";
		};
		BD08841928FFFCD100FB6D74 /* Component */ = {
			isa = PBXGroup;
			children = (
				BDDED90C29379D1200EE81DF /* Image */,
				BD2A3EDB2930F9F000B7EA24 /* Button */,
				BD084EA4292FB8DB00D735B6 /* TextField */,
				BD084EA3292FB8D100D735B6 /* Error */,
			);
			path = Component;
			sourceTree = "<group>";
		};
		BD08841C28FFFDA200FB6D74 /* Resources */ = {
			isa = PBXGroup;
			children = (
				BD0884252900014300FB6D74 /* Images.xcassets */,
				BD0884292900017D00FB6D74 /* Colors.xcassets */,
				BD08842D2900022A00FB6D74 /* Localizable.strings */,
				BD0884322900027500FB6D74 /* Localizable.strings */,
			);
			path = Resources;
			sourceTree = "<group>";
		};
		BD08841E290000B700FB6D74 /* SwiftGen */ = {
			isa = PBXGroup;
			children = (
				BD08841F290000D900FB6D74 /* Localized+Generated.swift */,
				BD088421290000F700FB6D74 /* Images+Generated.swift */,
				BD0884232900012200FB6D74 /* Colors+Generated.swift */,
			);
			path = SwiftGen;
			sourceTree = "<group>";
		};
		BD2A3EDB2930F9F000B7EA24 /* Button */ = {
			isa = PBXGroup;
			children = (
				BD2A3EDC2930FA0500B7EA24 /* CButtonReverse.swift */,
			);
			path = Button;
			sourceTree = "<group>";
		};
		BD2A3EDE2932186000B7EA24 /* Model */ = {
			isa = PBXGroup;
			children = (
				BD2A3EDF2932187600B7EA24 /* Player.swift */,
			);
			path = Model;
			sourceTree = "<group>";
		};
		BD2A3EE1293221C400B7EA24 /* Team */ = {
			isa = PBXGroup;
			children = (
				BD2A3EE62932225F00B7EA24 /* PlayerList */,
				BD2A3EE2293221E700B7EA24 /* TeamViewModel.swift */,
				BD2A3EE42932220D00B7EA24 /* TeamView.swift */,
			);
			path = Team;
			sourceTree = "<group>";
		};
		BD2A3EE62932225F00B7EA24 /* PlayerList */ = {
			isa = PBXGroup;
			children = (
				BD2A3EE72932228800B7EA24 /* PlayerListView.swift */,
				BD2A3EE9293222E800B7EA24 /* PlayerListViewModel.swift */,
			);
			path = PlayerList;
			sourceTree = "<group>";
		};
		BD2A3EEB293224BF00B7EA24 /* Team */ = {
			isa = PBXGroup;
			children = (
				BD2A3EEE293224F900B7EA24 /* Response */,
				BD2A3EED293224F100B7EA24 /* Request */,
				BD2A3EEC293224DF00B7EA24 /* Repository */,
			);
			path = Team;
			sourceTree = "<group>";
		};
		BD2A3EEC293224DF00B7EA24 /* Repository */ = {
			isa = PBXGroup;
			children = (
				BD2A3EEF2932252B00B7EA24 /* PlayerListRepositoryProtocol.swift */,
			);
			path = Repository;
			sourceTree = "<group>";
		};
		BD2A3EED293224F100B7EA24 /* Request */ = {
			isa = PBXGroup;
			children = (
				BD2A3EF12932253F00B7EA24 /* PlayerListRequest.swift */,
			);
			path = Request;
			sourceTree = "<group>";
		};
		BD2A3EEE293224F900B7EA24 /* Response */ = {
			isa = PBXGroup;
			children = (
				BD2A3EF32932255200B7EA24 /* PlayerListResponse.swift */,
			);
			path = Response;
			sourceTree = "<group>";
		};
		BD2A3EF52932298F00B7EA24 /* Team */ = {
			isa = PBXGroup;
			children = (
				BD2A3EF6293229C600B7EA24 /* PlayerListRepository.swift */,
			);
			path = Team;
			sourceTree = "<group>";
		};
		BD2A3EFD29338AD000B7EA24 /* DependencyInjection */ = {
			isa = PBXGroup;
			children = (
				BD2A3EFE29338B1200B7EA24 /* DependencyManager.swift */,
			);
			path = DependencyInjection;
			sourceTree = "<group>";
		};
		BD2DD77B28F443200055EB5A /* Config */ = {
			isa = PBXGroup;
			children = (
				BD2DD77C28F443310055EB5A /* NetworkError.swift */,
				BDD245A228F6DCC300C4DDD1 /* Api.swift */,
			);
			path = Config;
			sourceTree = "<group>";
		};
		BD3C168C28F6F5490032CE1F /* Login */ = {
			isa = PBXGroup;
			children = (
				BD3C168D28F6F5630032CE1F /* LoginView.swift */,
			);
			path = Login;
			sourceTree = "<group>";
		};
		BD407BB628F2DC9C0075C419 /* Presentation */ = {
			isa = PBXGroup;
			children = (
				BD2A3EE1293221C400B7EA24 /* Team */,
				BD3C168C28F6F5490032CE1F /* Login */,
				BD407BBA28F2DCE80075C419 /* Register */,
				BD3C168F28F6F9650032CE1F /* MainView.swift */,
				BD3C169128F6FA5F0032CE1F /* MainViewModel.swift */,
			);
			path = Presentation;
			sourceTree = "<group>";
		};
		BD407BB728F2DCA90075C419 /* Domain */ = {
			isa = PBXGroup;
			children = (
				BD2A3EEB293224BF00B7EA24 /* Team */,
				BDD245AA28F6E32700C4DDD1 /* Shared */,
				BD407BBF28F2DD6A0075C419 /* Register */,
			);
			path = Domain;
			sourceTree = "<group>";
		};
		BD407BB828F2DCBC0075C419 /* Infrastructure */ = {
			isa = PBXGroup;
			children = (
				BD2A3EDE2932186000B7EA24 /* Model */,
				BD08841E290000B700FB6D74 /* SwiftGen */,
				BD407BC528F2E10E0075C419 /* Network */,
				BD407BC228F2E0A80075C419 /* Repository */,
			);
			path = Infrastructure;
			sourceTree = "<group>";
		};
		BD407BB928F2DCD70075C419 /* Application */ = {
			isa = PBXGroup;
			children = (
				BD5B756E292D0C0B00F21976 /* DependencyInjection */,
				BD08841C28FFFDA200FB6D74 /* Resources */,
				BD08841928FFFCD100FB6D74 /* Component */,
			);
			path = Application;
			sourceTree = "<group>";
		};
		BD407BBA28F2DCE80075C419 /* Register */ = {
			isa = PBXGroup;
			children = (
				BD407BBB28F2DD000075C419 /* RegisterView.swift */,
				BD407BBD28F2DD2B0075C419 /* RegisterViewModel.swift */,
			);
			path = Register;
			sourceTree = "<group>";
		};
		BD407BBF28F2DD6A0075C419 /* Register */ = {
			isa = PBXGroup;
			children = (
				BD407BCC28F2E6280075C419 /* Protocol */,
				BD407BC028F2DE040075C419 /* Request */,
				BD407BC128F2DE0D0075C419 /* Response */,
			);
			path = Register;
			sourceTree = "<group>";
		};
		BD407BC028F2DE040075C419 /* Request */ = {
			isa = PBXGroup;
			children = (
				BD407BD228F35DF30075C419 /* RegisterRequest.swift */,
			);
			path = Request;
			sourceTree = "<group>";
		};
		BD407BC128F2DE0D0075C419 /* Response */ = {
			isa = PBXGroup;
			children = (
				BD407BD028F35DE70075C419 /* RegisterResponse.swift */,
			);
			path = Response;
			sourceTree = "<group>";
		};
		BD407BC228F2E0A80075C419 /* Repository */ = {
			isa = PBXGroup;
			children = (
				BDD245A628F6DEB200C4DDD1 /* Local */,
				BDD245A528F6DEAB00C4DDD1 /* Session */,
				BDD245A428F6DE9000C4DDD1 /* Api */,
			);
			path = Repository;
			sourceTree = "<group>";
		};
		BD407BC328F2E0B60075C419 /* Register */ = {
			isa = PBXGroup;
			children = (
				BD2E977F28F3FF3D00EE6E39 /* RegisterRepository.swift */,
			);
			path = Register;
			sourceTree = "<group>";
		};
		BD407BC528F2E10E0075C419 /* Network */ = {
			isa = PBXGroup;
			children = (
				BD2DD77B28F443200055EB5A /* Config */,
				BD407BC628F2E36F0075C419 /* Router */,
			);
			path = Network;
			sourceTree = "<group>";
		};
		BD407BC628F2E36F0075C419 /* Router */ = {
			isa = PBXGroup;
			children = (
				BD407BC728F2E3DB0075C419 /* RegisterRouter.swift */,
			);
			path = Router;
			sourceTree = "<group>";
		};
		BD407BC928F2E48D0075C419 /* Repository */ = {
			isa = PBXGroup;
			children = (
				BD407BCA28F2E5250075C419 /* RegisterRepositoryProtocol.swift */,
			);
			path = Repository;
			sourceTree = "<group>";
		};
		BD407BCC28F2E6280075C419 /* Protocol */ = {
			isa = PBXGroup;
			children = (
				BD407BC928F2E48D0075C419 /* Repository */,
			);
			path = Protocol;
			sourceTree = "<group>";
		};
		BD5B756E292D0C0B00F21976 /* DependencyInjection */ = {
			isa = PBXGroup;
			children = (
				BD5B7571292D0C5700F21976 /* Inject.swift */,
				BD5B7573292D0C6B00F21976 /* Resolver.swift */,
				BD5B7575292D0EDF00F21976 /* DependencyManager.swift */,
			);
			path = DependencyInjection;
			sourceTree = "<group>";
		};
		BDCCC2A928F21C3900F79D1F = {
			isa = PBXGroup;
			children = (
				BDCCC2B428F21C3900F79D1F /* city_ios */,
				BDCCC2CB28F21C3B00F79D1F /* city_iosTests */,
				BDCCC2D528F21C3B00F79D1F /* city_iosUITests */,
				BDCCC2B328F21C3900F79D1F /* Products */,
				3D738BBA53CBF0028E94C2D1 /* Pods */,
				5BBA19118BFE8FBC5FFB0CB9 /* Frameworks */,
			);
			sourceTree = "<group>";
		};
		BDCCC2B328F21C3900F79D1F /* Products */ = {
			isa = PBXGroup;
			children = (
				BDCCC2B228F21C3900F79D1F /* city_ios.app */,
				BDCCC2C828F21C3B00F79D1F /* city_iosTests.xctest */,
				BDCCC2D228F21C3B00F79D1F /* city_iosUITests.xctest */,
			);
			name = Products;
			sourceTree = "<group>";
		};
		BDCCC2B428F21C3900F79D1F /* city_ios */ = {
			isa = PBXGroup;
			children = (
				BD3C16A128F764700032CE1F /* city-ios-Info.plist */,
				BD407BB928F2DCD70075C419 /* Application */,
				BD407BB828F2DCBC0075C419 /* Infrastructure */,
				BD407BB728F2DCA90075C419 /* Domain */,
				BD407BB628F2DC9C0075C419 /* Presentation */,
				BDCCC2B528F21C3900F79D1F /* city_iosApp.swift */,
				BDCCC2B728F21C3900F79D1F /* Persistence.swift */,
				BDCCC2BC28F21C3900F79D1F /* ContentView.swift */,
				BDCCC2BE28F21C3B00F79D1F /* Assets.xcassets */,
				BDCCC2C028F21C3B00F79D1F /* city_ios.entitlements */,
				BDCCC2B928F21C3900F79D1F /* city_ios.xcdatamodeld */,
				BDCCC2C128F21C3B00F79D1F /* Preview Content */,
			);
			path = city_ios;
			sourceTree = "<group>";
		};
		BDCCC2C128F21C3B00F79D1F /* Preview Content */ = {
			isa = PBXGroup;
			children = (
				BDCCC2C228F21C3B00F79D1F /* Preview Assets.xcassets */,
			);
			path = "Preview Content";
			sourceTree = "<group>";
		};
		BDCCC2CB28F21C3B00F79D1F /* city_iosTests */ = {
			isa = PBXGroup;
			children = (
				BD2A3EFD29338AD000B7EA24 /* DependencyInjection */,
				BDCCC2CC28F21C3B00F79D1F /* city_iosTests.swift */,
				BD2A3F0029338C9E00B7EA24 /* RegisterRepositoryMocked.swift */,
			);
			path = city_iosTests;
			sourceTree = "<group>";
		};
		BDCCC2D528F21C3B00F79D1F /* city_iosUITests */ = {
			isa = PBXGroup;
			children = (
				BDCCC2D628F21C3B00F79D1F /* city_iosUITests.swift */,
				BDCCC2D828F21C3B00F79D1F /* city_iosUITestsLaunchTests.swift */,
			);
			path = city_iosUITests;
			sourceTree = "<group>";
		};
		BDD245A428F6DE9000C4DDD1 /* Api */ = {
			isa = PBXGroup;
			children = (
				BD2A3EF52932298F00B7EA24 /* Team */,
				BD407BC328F2E0B60075C419 /* Register */,
			);
			path = Api;
			sourceTree = "<group>";
		};
		BDD245A528F6DEAB00C4DDD1 /* Session */ = {
			isa = PBXGroup;
			children = (
				BDD245BC28F6E97600C4DDD1 /* Token */,
				BDD245A828F6E1C800C4DDD1 /* TokenRepository.swift */,
			);
			path = Session;
			sourceTree = "<group>";
		};
		BDD245A628F6DEB200C4DDD1 /* Local */ = {
			isa = PBXGroup;
			children = (
				BD3C16AD28F8B8230032CE1F /* BrightnessRepository.swift */,
			);
			path = Local;
			sourceTree = "<group>";
		};
		BDD245AA28F6E32700C4DDD1 /* Shared */ = {
			isa = PBXGroup;
			children = (
				BDD245AB28F6E46F00C4DDD1 /* Token */,
			);
			path = Shared;
			sourceTree = "<group>";
		};
		BDD245AB28F6E46F00C4DDD1 /* Token */ = {
			isa = PBXGroup;
			children = (
				BDD245AF28F6E82600C4DDD1 /* Response */,
				BDD245AE28F6E82000C4DDD1 /* Request */,
				BDD245AD28F6E81800C4DDD1 /* UseCase */,
				BDD245AC28F6E81000C4DDD1 /* Protocol */,
			);
			path = Token;
			sourceTree = "<group>";
		};
		BDD245AC28F6E81000C4DDD1 /* Protocol */ = {
			isa = PBXGroup;
			children = (
				BDD245B728F6E92700C4DDD1 /* Repository */,
				BDD245B628F6E8D900C4DDD1 /* UseCase */,
			);
			path = Protocol;
			sourceTree = "<group>";
		};
		BDD245AD28F6E81800C4DDD1 /* UseCase */ = {
			isa = PBXGroup;
			children = (
				BDD245B428F6E8CE00C4DDD1 /* UpdateTokenUseCase.swift */,
			);
			path = UseCase;
			sourceTree = "<group>";
		};
		BDD245AE28F6E82000C4DDD1 /* Request */ = {
			isa = PBXGroup;
			children = (
				BDD245B228F6E8C100C4DDD1 /* UpdateTokenRequest.swift */,
			);
			path = Request;
			sourceTree = "<group>";
		};
		BDD245AF28F6E82600C4DDD1 /* Response */ = {
			isa = PBXGroup;
			children = (
				BDD245B028F6E8B600C4DDD1 /* UpdateTokenResponse.swift */,
			);
			path = Response;
			sourceTree = "<group>";
		};
		BDD245B628F6E8D900C4DDD1 /* UseCase */ = {
			isa = PBXGroup;
			children = (
				BDD245BA28F6E96D00C4DDD1 /* UpdateTokenUseCaseProtocol.swift */,
			);
			path = UseCase;
			sourceTree = "<group>";
		};
		BDD245B728F6E92700C4DDD1 /* Repository */ = {
			isa = PBXGroup;
			children = (
				BDD245B828F6E94C00C4DDD1 /* UpdateTokenRepositoryProtocol.swift */,
			);
			path = Repository;
			sourceTree = "<group>";
		};
		BDD245BC28F6E97600C4DDD1 /* Token */ = {
			isa = PBXGroup;
			children = (
				BDD245BD28F6E99200C4DDD1 /* UpdateTokenRepository.swift */,
			);
			path = Token;
			sourceTree = "<group>";
		};
		BDDED90C29379D1200EE81DF /* Image */ = {
			isa = PBXGroup;
			children = (
				BDDED90A29379D0C00EE81DF /* CCircleImagePlayer.swift */,
			);
			path = Image;
			sourceTree = "<group>";
		};
/* End PBXGroup section */

/* Begin PBXNativeTarget section */
		BDCCC2B128F21C3900F79D1F /* city_ios */ = {
			isa = PBXNativeTarget;
			buildConfigurationList = BDCCC2DC28F21C3B00F79D1F /* Build configuration list for PBXNativeTarget "city_ios" */;
			buildPhases = (
				8E3C6BA4976406B40513A640 /* [CP] Check Pods Manifest.lock */,
				BDCCC2AE28F21C3900F79D1F /* Sources */,
				BDCCC2AF28F21C3900F79D1F /* Frameworks */,
				BDCCC2B028F21C3900F79D1F /* Resources */,
				BB2B503C914ECF906699762F /* [CP] Embed Pods Frameworks */,
				BDF0FDC2292ED13C00AEB85C /* SwiftGen */,
			);
			buildRules = (
			);
			dependencies = (
			);
			name = city_ios;
			productName = city_ios;
			productReference = BDCCC2B228F21C3900F79D1F /* city_ios.app */;
			productType = "com.apple.product-type.application";
		};
		BDCCC2C728F21C3B00F79D1F /* city_iosTests */ = {
			isa = PBXNativeTarget;
			buildConfigurationList = BDCCC2DF28F21C3B00F79D1F /* Build configuration list for PBXNativeTarget "city_iosTests" */;
			buildPhases = (
				9F933423283AFADBBE33750C /* [CP] Check Pods Manifest.lock */,
				BDCCC2C428F21C3B00F79D1F /* Sources */,
				BDCCC2C528F21C3B00F79D1F /* Frameworks */,
				BDCCC2C628F21C3B00F79D1F /* Resources */,
			);
			buildRules = (
			);
			dependencies = (
				BDCCC2CA28F21C3B00F79D1F /* PBXTargetDependency */,
			);
			name = city_iosTests;
			productName = city_iosTests;
			productReference = BDCCC2C828F21C3B00F79D1F /* city_iosTests.xctest */;
			productType = "com.apple.product-type.bundle.unit-test";
		};
		BDCCC2D128F21C3B00F79D1F /* city_iosUITests */ = {
			isa = PBXNativeTarget;
			buildConfigurationList = BDCCC2E228F21C3B00F79D1F /* Build configuration list for PBXNativeTarget "city_iosUITests" */;
			buildPhases = (
				E783CFD7318E4A30C36FA585 /* [CP] Check Pods Manifest.lock */,
				BDCCC2CE28F21C3B00F79D1F /* Sources */,
				BDCCC2CF28F21C3B00F79D1F /* Frameworks */,
				BDCCC2D028F21C3B00F79D1F /* Resources */,
				94BBF8F989DE62B0FB71CCB6 /* [CP] Embed Pods Frameworks */,
			);
			buildRules = (
			);
			dependencies = (
				BDCCC2D428F21C3B00F79D1F /* PBXTargetDependency */,
			);
			name = city_iosUITests;
			productName = city_iosUITests;
			productReference = BDCCC2D228F21C3B00F79D1F /* city_iosUITests.xctest */;
			productType = "com.apple.product-type.bundle.ui-testing";
		};
/* End PBXNativeTarget section */

/* Begin PBXProject section */
		BDCCC2AA28F21C3900F79D1F /* Project object */ = {
			isa = PBXProject;
			attributes = {
				BuildIndependentTargetsInParallel = 1;
				LastSwiftUpdateCheck = 1400;
				LastUpgradeCheck = 1400;
				TargetAttributes = {
					BDCCC2B128F21C3900F79D1F = {
						CreatedOnToolsVersion = 14.0.1;
					};
					BDCCC2C728F21C3B00F79D1F = {
						CreatedOnToolsVersion = 14.0.1;
						TestTargetID = BDCCC2B128F21C3900F79D1F;
					};
					BDCCC2D128F21C3B00F79D1F = {
						CreatedOnToolsVersion = 14.0.1;
						TestTargetID = BDCCC2B128F21C3900F79D1F;
					};
				};
			};
			buildConfigurationList = BDCCC2AD28F21C3900F79D1F /* Build configuration list for PBXProject "city_ios" */;
			compatibilityVersion = "Xcode 14.0";
			developmentRegion = en;
			hasScannedForEncodings = 0;
			knownRegions = (
				en,
				Base,
				fr,
			);
			mainGroup = BDCCC2A928F21C3900F79D1F;
			productRefGroup = BDCCC2B328F21C3900F79D1F /* Products */;
			projectDirPath = "";
			projectRoot = "";
			targets = (
				BDCCC2B128F21C3900F79D1F /* city_ios */,
				BDCCC2C728F21C3B00F79D1F /* city_iosTests */,
				BDCCC2D128F21C3B00F79D1F /* city_iosUITests */,
			);
		};
/* End PBXProject section */

/* Begin PBXResourcesBuildPhase section */
		BDCCC2B028F21C3900F79D1F /* Resources */ = {
			isa = PBXResourcesBuildPhase;
			buildActionMask = 2147483647;
			files = (
				BD08842A2900017D00FB6D74 /* Colors.xcassets in Resources */,
				BD0884302900027500FB6D74 /* Localizable.strings in Resources */,
				BD0884262900014300FB6D74 /* Images.xcassets in Resources */,
				BD08842B2900022A00FB6D74 /* Localizable.strings in Resources */,
				BDCCC2C328F21C3B00F79D1F /* Preview Assets.xcassets in Resources */,
				BDCCC2BF28F21C3B00F79D1F /* Assets.xcassets in Resources */,
			);
			runOnlyForDeploymentPostprocessing = 0;
		};
		BDCCC2C628F21C3B00F79D1F /* Resources */ = {
			isa = PBXResourcesBuildPhase;
			buildActionMask = 2147483647;
			files = (
			);
			runOnlyForDeploymentPostprocessing = 0;
		};
		BDCCC2D028F21C3B00F79D1F /* Resources */ = {
			isa = PBXResourcesBuildPhase;
			buildActionMask = 2147483647;
			files = (
			);
			runOnlyForDeploymentPostprocessing = 0;
		};
/* End PBXResourcesBuildPhase section */

/* Begin PBXShellScriptBuildPhase section */
		8E3C6BA4976406B40513A640 /* [CP] Check Pods Manifest.lock */ = {
			isa = PBXShellScriptBuildPhase;
			buildActionMask = 2147483647;
			files = (
			);
			inputFileListPaths = (
			);
			inputPaths = (
				"${PODS_PODFILE_DIR_PATH}/Podfile.lock",
				"${PODS_ROOT}/Manifest.lock",
			);
			name = "[CP] Check Pods Manifest.lock";
			outputFileListPaths = (
			);
			outputPaths = (
				"$(DERIVED_FILE_DIR)/Pods-city_ios-checkManifestLockResult.txt",
			);
			runOnlyForDeploymentPostprocessing = 0;
			shellPath = /bin/sh;
			shellScript = "diff \"${PODS_PODFILE_DIR_PATH}/Podfile.lock\" \"${PODS_ROOT}/Manifest.lock\" > /dev/null\nif [ $? != 0 ] ; then\n    # print error to STDERR\n    echo \"error: The sandbox is not in sync with the Podfile.lock. Run 'pod install' or update your CocoaPods installation.\" >&2\n    exit 1\nfi\n# This output is used by Xcode 'outputs' to avoid re-running this script phase.\necho \"SUCCESS\" > \"${SCRIPT_OUTPUT_FILE_0}\"\n";
			showEnvVarsInLog = 0;
		};
		94BBF8F989DE62B0FB71CCB6 /* [CP] Embed Pods Frameworks */ = {
			isa = PBXShellScriptBuildPhase;
			buildActionMask = 2147483647;
			files = (
			);
			inputFileListPaths = (
				"${PODS_ROOT}/Target Support Files/Pods-city_ios-city_iosUITests/Pods-city_ios-city_iosUITests-frameworks-${CONFIGURATION}-input-files.xcfilelist",
			);
			name = "[CP] Embed Pods Frameworks";
			outputFileListPaths = (
				"${PODS_ROOT}/Target Support Files/Pods-city_ios-city_iosUITests/Pods-city_ios-city_iosUITests-frameworks-${CONFIGURATION}-output-files.xcfilelist",
			);
			runOnlyForDeploymentPostprocessing = 0;
			shellPath = /bin/sh;
			shellScript = "\"${PODS_ROOT}/Target Support Files/Pods-city_ios-city_iosUITests/Pods-city_ios-city_iosUITests-frameworks.sh\"\n";
			showEnvVarsInLog = 0;
		};
		9F933423283AFADBBE33750C /* [CP] Check Pods Manifest.lock */ = {
			isa = PBXShellScriptBuildPhase;
			buildActionMask = 2147483647;
			files = (
			);
			inputFileListPaths = (
			);
			inputPaths = (
				"${PODS_PODFILE_DIR_PATH}/Podfile.lock",
				"${PODS_ROOT}/Manifest.lock",
			);
			name = "[CP] Check Pods Manifest.lock";
			outputFileListPaths = (
			);
			outputPaths = (
				"$(DERIVED_FILE_DIR)/Pods-city_iosTests-checkManifestLockResult.txt",
			);
			runOnlyForDeploymentPostprocessing = 0;
			shellPath = /bin/sh;
			shellScript = "diff \"${PODS_PODFILE_DIR_PATH}/Podfile.lock\" \"${PODS_ROOT}/Manifest.lock\" > /dev/null\nif [ $? != 0 ] ; then\n    # print error to STDERR\n    echo \"error: The sandbox is not in sync with the Podfile.lock. Run 'pod install' or update your CocoaPods installation.\" >&2\n    exit 1\nfi\n# This output is used by Xcode 'outputs' to avoid re-running this script phase.\necho \"SUCCESS\" > \"${SCRIPT_OUTPUT_FILE_0}\"\n";
			showEnvVarsInLog = 0;
		};
		BB2B503C914ECF906699762F /* [CP] Embed Pods Frameworks */ = {
			isa = PBXShellScriptBuildPhase;
			buildActionMask = 2147483647;
			files = (
			);
			inputFileListPaths = (
				"${PODS_ROOT}/Target Support Files/Pods-city_ios/Pods-city_ios-frameworks-${CONFIGURATION}-input-files.xcfilelist",
			);
			name = "[CP] Embed Pods Frameworks";
			outputFileListPaths = (
				"${PODS_ROOT}/Target Support Files/Pods-city_ios/Pods-city_ios-frameworks-${CONFIGURATION}-output-files.xcfilelist",
			);
			runOnlyForDeploymentPostprocessing = 0;
			shellPath = /bin/sh;
			shellScript = "\"${PODS_ROOT}/Target Support Files/Pods-city_ios/Pods-city_ios-frameworks.sh\"\n";
			showEnvVarsInLog = 0;
		};
		BDF0FDC2292ED13C00AEB85C /* SwiftGen */ = {
			isa = PBXShellScriptBuildPhase;
			alwaysOutOfDate = 1;
			buildActionMask = 2147483647;
			files = (
			);
			inputFileListPaths = (
			);
			inputPaths = (
			);
			name = SwiftGen;
			outputFileListPaths = (
			);
			outputPaths = (
			);
			runOnlyForDeploymentPostprocessing = 0;
			shellPath = /bin/sh;
			shellScript = "if [[ -f \"${PODS_ROOT}/SwiftGen/bin/swiftgen\" ]]; then\n  \"${PODS_ROOT}/SwiftGen/bin/swiftgen\"\nelse\n  echo \"warning: SwiftGen is not installed. Run 'pod install --repo-update' to install it.\"\nfi \n";
		};
		E783CFD7318E4A30C36FA585 /* [CP] Check Pods Manifest.lock */ = {
			isa = PBXShellScriptBuildPhase;
			buildActionMask = 2147483647;
			files = (
			);
			inputFileListPaths = (
			);
			inputPaths = (
				"${PODS_PODFILE_DIR_PATH}/Podfile.lock",
				"${PODS_ROOT}/Manifest.lock",
			);
			name = "[CP] Check Pods Manifest.lock";
			outputFileListPaths = (
			);
			outputPaths = (
				"$(DERIVED_FILE_DIR)/Pods-city_ios-city_iosUITests-checkManifestLockResult.txt",
			);
			runOnlyForDeploymentPostprocessing = 0;
			shellPath = /bin/sh;
			shellScript = "diff \"${PODS_PODFILE_DIR_PATH}/Podfile.lock\" \"${PODS_ROOT}/Manifest.lock\" > /dev/null\nif [ $? != 0 ] ; then\n    # print error to STDERR\n    echo \"error: The sandbox is not in sync with the Podfile.lock. Run 'pod install' or update your CocoaPods installation.\" >&2\n    exit 1\nfi\n# This output is used by Xcode 'outputs' to avoid re-running this script phase.\necho \"SUCCESS\" > \"${SCRIPT_OUTPUT_FILE_0}\"\n";
			showEnvVarsInLog = 0;
		};
/* End PBXShellScriptBuildPhase section */

/* Begin PBXSourcesBuildPhase section */
		BDCCC2AE28F21C3900F79D1F /* Sources */ = {
			isa = PBXSourcesBuildPhase;
			buildActionMask = 2147483647;
			files = (
				BDCCC2B628F21C3900F79D1F /* city_iosApp.swift in Sources */,
				BD3C169028F6F9650032CE1F /* MainView.swift in Sources */,
				BDD245A928F6E1C800C4DDD1 /* TokenRepository.swift in Sources */,
				BD2DD77D28F443310055EB5A /* NetworkError.swift in Sources */,
				BDD245BB28F6E96D00C4DDD1 /* UpdateTokenUseCaseProtocol.swift in Sources */,
				BD2A3EF42932255200B7EA24 /* PlayerListResponse.swift in Sources */,
				BD2A3EE82932228800B7EA24 /* PlayerListView.swift in Sources */,
				BD2A3EF02932252B00B7EA24 /* PlayerListRepositoryProtocol.swift in Sources */,
				BD3C169228F6FA5F0032CE1F /* MainViewModel.swift in Sources */,
				BD3C168E28F6F5630032CE1F /* LoginView.swift in Sources */,
				BD407BD328F35DF30075C419 /* RegisterRequest.swift in Sources */,
				BDD245A328F6DCC300C4DDD1 /* Api.swift in Sources */,
				BD08841B28FFFCFE00FB6D74 /* CTextField.swift in Sources */,
				BD2A3EDA2930F15500B7EA24 /* ErrorText.swift in Sources */,
				BD407BBE28F2DD2B0075C419 /* RegisterViewModel.swift in Sources */,
				BD407BBC28F2DD000075C419 /* RegisterView.swift in Sources */,
				BD407BD128F35DE70075C419 /* RegisterResponse.swift in Sources */,
				BD2A3ED82930B34300B7EA24 /* CTextFieldEmptyError.swift in Sources */,
				BDDED90B29379D0C00EE81DF /* CCircleImagePlayer.swift in Sources */,
				BD2E978028F3FF3D00EE6E39 /* RegisterRepository.swift in Sources */,
				BD0884242900012200FB6D74 /* Colors+Generated.swift in Sources */,
				BD2A3EF22932253F00B7EA24 /* PlayerListRequest.swift in Sources */,
				BD2A3EE3293221E700B7EA24 /* TeamViewModel.swift in Sources */,
				BDCCC2BB28F21C3900F79D1F /* city_ios.xcdatamodeld in Sources */,
				BD5B7572292D0C5700F21976 /* Inject.swift in Sources */,
				BDD245B128F6E8B600C4DDD1 /* UpdateTokenResponse.swift in Sources */,
				BD3C16AE28F8B8230032CE1F /* BrightnessRepository.swift in Sources */,
				BDCCC2BD28F21C3900F79D1F /* ContentView.swift in Sources */,
				BDD245BE28F6E99200C4DDD1 /* UpdateTokenRepository.swift in Sources */,
				BD407BC828F2E3DB0075C419 /* RegisterRouter.swift in Sources */,
				BD2A3EEA293222E800B7EA24 /* PlayerListViewModel.swift in Sources */,
				BDCCC2B828F21C3900F79D1F /* Persistence.swift in Sources */,
				BD2A3EE52932220D00B7EA24 /* TeamView.swift in Sources */,
				BDD245B928F6E94C00C4DDD1 /* UpdateTokenRepositoryProtocol.swift in Sources */,
				BDD245B528F6E8CE00C4DDD1 /* UpdateTokenUseCase.swift in Sources */,
				BD5B7574292D0C6B00F21976 /* Resolver.swift in Sources */,
				BDD245B328F6E8C100C4DDD1 /* UpdateTokenRequest.swift in Sources */,
				BD088422290000F700FB6D74 /* Images+Generated.swift in Sources */,
				BD088420290000D900FB6D74 /* Localized+Generated.swift in Sources */,
				BD5B7576292D0EDF00F21976 /* DependencyManager.swift in Sources */,
				BD2A3EFC29337B8B00B7EA24 /* CTextFieldRounded.swift in Sources */,
				BD407BCB28F2E5250075C419 /* RegisterRepositoryProtocol.swift in Sources */,
				BD2A3EDD2930FA0500B7EA24 /* CButtonReverse.swift in Sources */,
				BD2A3EF7293229C600B7EA24 /* PlayerListRepository.swift in Sources */,
				BD2A3EE02932187600B7EA24 /* Player.swift in Sources */,
			);
			runOnlyForDeploymentPostprocessing = 0;
		};
		BDCCC2C428F21C3B00F79D1F /* Sources */ = {
			isa = PBXSourcesBuildPhase;
			buildActionMask = 2147483647;
			files = (
				BD2A3EFF29338B1200B7EA24 /* DependencyManager.swift in Sources */,
				BDCCC2CD28F21C3B00F79D1F /* city_iosTests.swift in Sources */,
				BD2A3F0129338C9E00B7EA24 /* RegisterRepositoryMocked.swift in Sources */,
			);
			runOnlyForDeploymentPostprocessing = 0;
		};
		BDCCC2CE28F21C3B00F79D1F /* Sources */ = {
			isa = PBXSourcesBuildPhase;
			buildActionMask = 2147483647;
			files = (
				BDCCC2D928F21C3B00F79D1F /* city_iosUITestsLaunchTests.swift in Sources */,
				BDCCC2D728F21C3B00F79D1F /* city_iosUITests.swift in Sources */,
			);
			runOnlyForDeploymentPostprocessing = 0;
		};
/* End PBXSourcesBuildPhase section */

/* Begin PBXTargetDependency section */
		BDCCC2CA28F21C3B00F79D1F /* PBXTargetDependency */ = {
			isa = PBXTargetDependency;
			target = BDCCC2B128F21C3900F79D1F /* city_ios */;
			targetProxy = BDCCC2C928F21C3B00F79D1F /* PBXContainerItemProxy */;
		};
		BDCCC2D428F21C3B00F79D1F /* PBXTargetDependency */ = {
			isa = PBXTargetDependency;
			target = BDCCC2B128F21C3900F79D1F /* city_ios */;
			targetProxy = BDCCC2D328F21C3B00F79D1F /* PBXContainerItemProxy */;
		};
/* End PBXTargetDependency section */

/* Begin PBXVariantGroup section */
		BD08842D2900022A00FB6D74 /* Localizable.strings */ = {
			isa = PBXVariantGroup;
			children = (
				BD08842C2900022A00FB6D74 /* en */,
			);
			name = Localizable.strings;
			sourceTree = "<group>";
		};
		BD0884322900027500FB6D74 /* Localizable.strings */ = {
			isa = PBXVariantGroup;
			children = (
				BD0884312900027500FB6D74 /* fr */,
			);
			name = Localizable.strings;
			sourceTree = "<group>";
		};
/* End PBXVariantGroup section */

/* Begin XCBuildConfiguration section */
		BDCCC2DA28F21C3B00F79D1F /* Debug */ = {
			isa = XCBuildConfiguration;
			buildSettings = {
				ALWAYS_SEARCH_USER_PATHS = NO;
				CLANG_ANALYZER_NONNULL = YES;
				CLANG_ANALYZER_NUMBER_OBJECT_CONVERSION = YES_AGGRESSIVE;
				CLANG_CXX_LANGUAGE_STANDARD = "gnu++20";
				CLANG_ENABLE_MODULES = YES;
				CLANG_ENABLE_OBJC_ARC = YES;
				CLANG_ENABLE_OBJC_WEAK = YES;
				CLANG_WARN_BLOCK_CAPTURE_AUTORELEASING = YES;
				CLANG_WARN_BOOL_CONVERSION = YES;
				CLANG_WARN_COMMA = YES;
				CLANG_WARN_CONSTANT_CONVERSION = YES;
				CLANG_WARN_DEPRECATED_OBJC_IMPLEMENTATIONS = YES;
				CLANG_WARN_DIRECT_OBJC_ISA_USAGE = YES_ERROR;
				CLANG_WARN_DOCUMENTATION_COMMENTS = YES;
				CLANG_WARN_EMPTY_BODY = YES;
				CLANG_WARN_ENUM_CONVERSION = YES;
				CLANG_WARN_INFINITE_RECURSION = YES;
				CLANG_WARN_INT_CONVERSION = YES;
				CLANG_WARN_NON_LITERAL_NULL_CONVERSION = YES;
				CLANG_WARN_OBJC_IMPLICIT_RETAIN_SELF = YES;
				CLANG_WARN_OBJC_LITERAL_CONVERSION = YES;
				CLANG_WARN_OBJC_ROOT_CLASS = YES_ERROR;
				CLANG_WARN_QUOTED_INCLUDE_IN_FRAMEWORK_HEADER = YES;
				CLANG_WARN_RANGE_LOOP_ANALYSIS = YES;
				CLANG_WARN_STRICT_PROTOTYPES = YES;
				CLANG_WARN_SUSPICIOUS_MOVE = YES;
				CLANG_WARN_UNGUARDED_AVAILABILITY = YES_AGGRESSIVE;
				CLANG_WARN_UNREACHABLE_CODE = YES;
				CLANG_WARN__DUPLICATE_METHOD_MATCH = YES;
				COPY_PHASE_STRIP = NO;
				DEBUG_INFORMATION_FORMAT = dwarf;
				ENABLE_STRICT_OBJC_MSGSEND = YES;
				ENABLE_TESTABILITY = YES;
				GCC_C_LANGUAGE_STANDARD = gnu11;
				GCC_DYNAMIC_NO_PIC = NO;
				GCC_NO_COMMON_BLOCKS = YES;
				GCC_OPTIMIZATION_LEVEL = 0;
				GCC_PREPROCESSOR_DEFINITIONS = (
					"DEBUG=1",
					"$(inherited)",
				);
				GCC_WARN_64_TO_32_BIT_CONVERSION = YES;
				GCC_WARN_ABOUT_RETURN_TYPE = YES_ERROR;
				GCC_WARN_UNDECLARED_SELECTOR = YES;
				GCC_WARN_UNINITIALIZED_AUTOS = YES_AGGRESSIVE;
				GCC_WARN_UNUSED_FUNCTION = YES;
				GCC_WARN_UNUSED_VARIABLE = YES;
				IPHONEOS_DEPLOYMENT_TARGET = 15.0;
				MACOSX_DEPLOYMENT_TARGET = 12.3;
				MTL_ENABLE_DEBUG_INFO = INCLUDE_SOURCE;
				MTL_FAST_MATH = YES;
				ONLY_ACTIVE_ARCH = YES;
				SWIFT_ACTIVE_COMPILATION_CONDITIONS = DEBUG;
				SWIFT_OPTIMIZATION_LEVEL = "-Onone";
			};
			name = Debug;
		};
		BDCCC2DB28F21C3B00F79D1F /* Release */ = {
			isa = XCBuildConfiguration;
			buildSettings = {
				ALWAYS_SEARCH_USER_PATHS = NO;
				CLANG_ANALYZER_NONNULL = YES;
				CLANG_ANALYZER_NUMBER_OBJECT_CONVERSION = YES_AGGRESSIVE;
				CLANG_CXX_LANGUAGE_STANDARD = "gnu++20";
				CLANG_ENABLE_MODULES = YES;
				CLANG_ENABLE_OBJC_ARC = YES;
				CLANG_ENABLE_OBJC_WEAK = YES;
				CLANG_WARN_BLOCK_CAPTURE_AUTORELEASING = YES;
				CLANG_WARN_BOOL_CONVERSION = YES;
				CLANG_WARN_COMMA = YES;
				CLANG_WARN_CONSTANT_CONVERSION = YES;
				CLANG_WARN_DEPRECATED_OBJC_IMPLEMENTATIONS = YES;
				CLANG_WARN_DIRECT_OBJC_ISA_USAGE = YES_ERROR;
				CLANG_WARN_DOCUMENTATION_COMMENTS = YES;
				CLANG_WARN_EMPTY_BODY = YES;
				CLANG_WARN_ENUM_CONVERSION = YES;
				CLANG_WARN_INFINITE_RECURSION = YES;
				CLANG_WARN_INT_CONVERSION = YES;
				CLANG_WARN_NON_LITERAL_NULL_CONVERSION = YES;
				CLANG_WARN_OBJC_IMPLICIT_RETAIN_SELF = YES;
				CLANG_WARN_OBJC_LITERAL_CONVERSION = YES;
				CLANG_WARN_OBJC_ROOT_CLASS = YES_ERROR;
				CLANG_WARN_QUOTED_INCLUDE_IN_FRAMEWORK_HEADER = YES;
				CLANG_WARN_RANGE_LOOP_ANALYSIS = YES;
				CLANG_WARN_STRICT_PROTOTYPES = YES;
				CLANG_WARN_SUSPICIOUS_MOVE = YES;
				CLANG_WARN_UNGUARDED_AVAILABILITY = YES_AGGRESSIVE;
				CLANG_WARN_UNREACHABLE_CODE = YES;
				CLANG_WARN__DUPLICATE_METHOD_MATCH = YES;
				COPY_PHASE_STRIP = NO;
				DEBUG_INFORMATION_FORMAT = "dwarf-with-dsym";
				ENABLE_NS_ASSERTIONS = NO;
				ENABLE_STRICT_OBJC_MSGSEND = YES;
				GCC_C_LANGUAGE_STANDARD = gnu11;
				GCC_NO_COMMON_BLOCKS = YES;
				GCC_WARN_64_TO_32_BIT_CONVERSION = YES;
				GCC_WARN_ABOUT_RETURN_TYPE = YES_ERROR;
				GCC_WARN_UNDECLARED_SELECTOR = YES;
				GCC_WARN_UNINITIALIZED_AUTOS = YES_AGGRESSIVE;
				GCC_WARN_UNUSED_FUNCTION = YES;
				GCC_WARN_UNUSED_VARIABLE = YES;
				IPHONEOS_DEPLOYMENT_TARGET = 15.0;
				MACOSX_DEPLOYMENT_TARGET = 12.3;
				MTL_ENABLE_DEBUG_INFO = NO;
				MTL_FAST_MATH = YES;
				SWIFT_COMPILATION_MODE = wholemodule;
				SWIFT_OPTIMIZATION_LEVEL = "-O";
			};
			name = Release;
		};
		BDCCC2DD28F21C3B00F79D1F /* Debug */ = {
			isa = XCBuildConfiguration;
			baseConfigurationReference = A83275A5BC81C07873D0FB16 /* Pods-city_ios.debug.xcconfig */;
			buildSettings = {
				ASSETCATALOG_COMPILER_APPICON_NAME = AppIcon;
				ASSETCATALOG_COMPILER_GLOBAL_ACCENT_COLOR_NAME = AccentColor;
				CODE_SIGN_ENTITLEMENTS = city_ios/city_ios.entitlements;
				CODE_SIGN_STYLE = Automatic;
				CURRENT_PROJECT_VERSION = 1;
				DEVELOPMENT_ASSET_PATHS = "\"city_ios/Preview Content\"";
				DEVELOPMENT_TEAM = FJR5S972K7;
				ENABLE_HARDENED_RUNTIME = YES;
				ENABLE_PREVIEWS = YES;
				GENERATE_INFOPLIST_FILE = YES;
				INFOPLIST_FILE = "city-ios-Info.plist";
				INFOPLIST_KEY_CFBundleDisplayName = City;
				"INFOPLIST_KEY_UIApplicationSceneManifest_Generation[sdk=iphoneos*]" = YES;
				"INFOPLIST_KEY_UIApplicationSceneManifest_Generation[sdk=iphonesimulator*]" = YES;
				"INFOPLIST_KEY_UIApplicationSupportsIndirectInputEvents[sdk=iphoneos*]" = YES;
				"INFOPLIST_KEY_UIApplicationSupportsIndirectInputEvents[sdk=iphonesimulator*]" = YES;
				"INFOPLIST_KEY_UILaunchScreen_Generation[sdk=iphoneos*]" = YES;
				"INFOPLIST_KEY_UILaunchScreen_Generation[sdk=iphonesimulator*]" = YES;
				"INFOPLIST_KEY_UIStatusBarStyle[sdk=iphoneos*]" = UIStatusBarStyleDefault;
				"INFOPLIST_KEY_UIStatusBarStyle[sdk=iphonesimulator*]" = UIStatusBarStyleDefault;
				INFOPLIST_KEY_UISupportedInterfaceOrientations_iPad = "UIInterfaceOrientationPortrait UIInterfaceOrientationPortraitUpsideDown UIInterfaceOrientationLandscapeLeft UIInterfaceOrientationLandscapeRight";
				INFOPLIST_KEY_UISupportedInterfaceOrientations_iPhone = "UIInterfaceOrientationPortrait UIInterfaceOrientationLandscapeLeft UIInterfaceOrientationLandscapeRight";
				IPHONEOS_DEPLOYMENT_TARGET = 15.0;
				LD_RUNPATH_SEARCH_PATHS = "@executable_path/Frameworks";
				"LD_RUNPATH_SEARCH_PATHS[sdk=macosx*]" = "@executable_path/../Frameworks";
				MACOSX_DEPLOYMENT_TARGET = 11.0;
				MARKETING_VERSION = 1.0;
				PRODUCT_BUNDLE_IDENTIFIER = "cocorico.city-ios";
				PRODUCT_NAME = "$(TARGET_NAME)";
				SDKROOT = auto;
				SUPPORTED_PLATFORMS = "iphoneos iphonesimulator";
				SUPPORTS_MACCATALYST = NO;
				SUPPORTS_MAC_DESIGNED_FOR_IPHONE_IPAD = NO;
				SWIFT_EMIT_LOC_STRINGS = YES;
				SWIFT_VERSION = 5.0;
				TARGETED_DEVICE_FAMILY = "1,2";
			};
			name = Debug;
		};
		BDCCC2DE28F21C3B00F79D1F /* Release */ = {
			isa = XCBuildConfiguration;
			baseConfigurationReference = F6666B48F790496EB8AD1C09 /* Pods-city_ios.release.xcconfig */;
			buildSettings = {
				ASSETCATALOG_COMPILER_APPICON_NAME = AppIcon;
				ASSETCATALOG_COMPILER_GLOBAL_ACCENT_COLOR_NAME = AccentColor;
				CODE_SIGN_ENTITLEMENTS = city_ios/city_ios.entitlements;
				CODE_SIGN_STYLE = Automatic;
				CURRENT_PROJECT_VERSION = 1;
				DEVELOPMENT_ASSET_PATHS = "\"city_ios/Preview Content\"";
				DEVELOPMENT_TEAM = FJR5S972K7;
				ENABLE_HARDENED_RUNTIME = YES;
				ENABLE_PREVIEWS = YES;
				GENERATE_INFOPLIST_FILE = YES;
				INFOPLIST_FILE = "city-ios-Info.plist";
				INFOPLIST_KEY_CFBundleDisplayName = City;
				"INFOPLIST_KEY_UIApplicationSceneManifest_Generation[sdk=iphoneos*]" = YES;
				"INFOPLIST_KEY_UIApplicationSceneManifest_Generation[sdk=iphonesimulator*]" = YES;
				"INFOPLIST_KEY_UIApplicationSupportsIndirectInputEvents[sdk=iphoneos*]" = YES;
				"INFOPLIST_KEY_UIApplicationSupportsIndirectInputEvents[sdk=iphonesimulator*]" = YES;
				"INFOPLIST_KEY_UILaunchScreen_Generation[sdk=iphoneos*]" = YES;
				"INFOPLIST_KEY_UILaunchScreen_Generation[sdk=iphonesimulator*]" = YES;
				"INFOPLIST_KEY_UIStatusBarStyle[sdk=iphoneos*]" = UIStatusBarStyleDefault;
				"INFOPLIST_KEY_UIStatusBarStyle[sdk=iphonesimulator*]" = UIStatusBarStyleDefault;
				INFOPLIST_KEY_UISupportedInterfaceOrientations_iPad = "UIInterfaceOrientationPortrait UIInterfaceOrientationPortraitUpsideDown UIInterfaceOrientationLandscapeLeft UIInterfaceOrientationLandscapeRight";
				INFOPLIST_KEY_UISupportedInterfaceOrientations_iPhone = "UIInterfaceOrientationPortrait UIInterfaceOrientationLandscapeLeft UIInterfaceOrientationLandscapeRight";
				IPHONEOS_DEPLOYMENT_TARGET = 15.0;
				LD_RUNPATH_SEARCH_PATHS = "@executable_path/Frameworks";
				"LD_RUNPATH_SEARCH_PATHS[sdk=macosx*]" = "@executable_path/../Frameworks";
				MACOSX_DEPLOYMENT_TARGET = 11.0;
				MARKETING_VERSION = 1.0;
				PRODUCT_BUNDLE_IDENTIFIER = "cocorico.city-ios";
				PRODUCT_NAME = "$(TARGET_NAME)";
				SDKROOT = auto;
				SUPPORTED_PLATFORMS = "iphoneos iphonesimulator";
				SUPPORTS_MACCATALYST = NO;
				SUPPORTS_MAC_DESIGNED_FOR_IPHONE_IPAD = NO;
				SWIFT_EMIT_LOC_STRINGS = YES;
				SWIFT_VERSION = 5.0;
				TARGETED_DEVICE_FAMILY = "1,2";
			};
			name = Release;
		};
		BDCCC2E028F21C3B00F79D1F /* Debug */ = {
			isa = XCBuildConfiguration;
			baseConfigurationReference = C5A828E994BA788122EC7D9B /* Pods-city_iosTests.debug.xcconfig */;
			buildSettings = {
				ALWAYS_EMBED_SWIFT_STANDARD_LIBRARIES = YES;
				BUNDLE_LOADER = "$(TEST_HOST)";
				CODE_SIGN_STYLE = Automatic;
				CURRENT_PROJECT_VERSION = 1;
				DEVELOPMENT_TEAM = FJR5S972K7;
				GENERATE_INFOPLIST_FILE = YES;
				IPHONEOS_DEPLOYMENT_TARGET = 16.0;
				MACOSX_DEPLOYMENT_TARGET = 12.3;
				MARKETING_VERSION = 1.0;
				PRODUCT_BUNDLE_IDENTIFIER = "cocorico.city-iosTests";
				PRODUCT_NAME = "$(TARGET_NAME)";
				SDKROOT = auto;
				SUPPORTED_PLATFORMS = "iphoneos iphonesimulator macosx";
				SWIFT_EMIT_LOC_STRINGS = NO;
				SWIFT_VERSION = 5.0;
				TARGETED_DEVICE_FAMILY = "1,2";
				TEST_HOST = "$(BUILT_PRODUCTS_DIR)/city_ios.app/$(BUNDLE_EXECUTABLE_FOLDER_PATH)/city_ios";
			};
			name = Debug;
		};
		BDCCC2E128F21C3B00F79D1F /* Release */ = {
			isa = XCBuildConfiguration;
			baseConfigurationReference = C7FCE4FC25FDFA3C660B9894 /* Pods-city_iosTests.release.xcconfig */;
			buildSettings = {
				ALWAYS_EMBED_SWIFT_STANDARD_LIBRARIES = YES;
				BUNDLE_LOADER = "$(TEST_HOST)";
				CODE_SIGN_STYLE = Automatic;
				CURRENT_PROJECT_VERSION = 1;
				DEVELOPMENT_TEAM = FJR5S972K7;
				GENERATE_INFOPLIST_FILE = YES;
				IPHONEOS_DEPLOYMENT_TARGET = 16.0;
				MACOSX_DEPLOYMENT_TARGET = 12.3;
				MARKETING_VERSION = 1.0;
				PRODUCT_BUNDLE_IDENTIFIER = "cocorico.city-iosTests";
				PRODUCT_NAME = "$(TARGET_NAME)";
				SDKROOT = auto;
				SUPPORTED_PLATFORMS = "iphoneos iphonesimulator macosx";
				SWIFT_EMIT_LOC_STRINGS = NO;
				SWIFT_VERSION = 5.0;
				TARGETED_DEVICE_FAMILY = "1,2";
				TEST_HOST = "$(BUILT_PRODUCTS_DIR)/city_ios.app/$(BUNDLE_EXECUTABLE_FOLDER_PATH)/city_ios";
			};
			name = Release;
		};
		BDCCC2E328F21C3B00F79D1F /* Debug */ = {
			isa = XCBuildConfiguration;
			baseConfigurationReference = 33EB0270A77CA0E3511CADC3 /* Pods-city_ios-city_iosUITests.debug.xcconfig */;
			buildSettings = {
				ALWAYS_EMBED_SWIFT_STANDARD_LIBRARIES = YES;
				CODE_SIGN_STYLE = Automatic;
				CURRENT_PROJECT_VERSION = 1;
				DEVELOPMENT_TEAM = FJR5S972K7;
				GENERATE_INFOPLIST_FILE = YES;
				IPHONEOS_DEPLOYMENT_TARGET = 16.0;
				MACOSX_DEPLOYMENT_TARGET = 12.3;
				MARKETING_VERSION = 1.0;
				PRODUCT_BUNDLE_IDENTIFIER = "cocorico.city-iosUITests";
				PRODUCT_NAME = "$(TARGET_NAME)";
				SDKROOT = auto;
				SUPPORTED_PLATFORMS = "iphoneos iphonesimulator macosx";
				SWIFT_EMIT_LOC_STRINGS = NO;
				SWIFT_VERSION = 5.0;
				TARGETED_DEVICE_FAMILY = "1,2";
				TEST_TARGET_NAME = city_ios;
			};
			name = Debug;
		};
		BDCCC2E428F21C3B00F79D1F /* Release */ = {
			isa = XCBuildConfiguration;
			baseConfigurationReference = 482A83FEAEA0EFADC9C6B355 /* Pods-city_ios-city_iosUITests.release.xcconfig */;
			buildSettings = {
				ALWAYS_EMBED_SWIFT_STANDARD_LIBRARIES = YES;
				CODE_SIGN_STYLE = Automatic;
				CURRENT_PROJECT_VERSION = 1;
				DEVELOPMENT_TEAM = FJR5S972K7;
				GENERATE_INFOPLIST_FILE = YES;
				IPHONEOS_DEPLOYMENT_TARGET = 16.0;
				MACOSX_DEPLOYMENT_TARGET = 12.3;
				MARKETING_VERSION = 1.0;
				PRODUCT_BUNDLE_IDENTIFIER = "cocorico.city-iosUITests";
				PRODUCT_NAME = "$(TARGET_NAME)";
				SDKROOT = auto;
				SUPPORTED_PLATFORMS = "iphoneos iphonesimulator macosx";
				SWIFT_EMIT_LOC_STRINGS = NO;
				SWIFT_VERSION = 5.0;
				TARGETED_DEVICE_FAMILY = "1,2";
				TEST_TARGET_NAME = city_ios;
			};
			name = Release;
		};
/* End XCBuildConfiguration section */

/* Begin XCConfigurationList section */
		BDCCC2AD28F21C3900F79D1F /* Build configuration list for PBXProject "city_ios" */ = {
			isa = XCConfigurationList;
			buildConfigurations = (
				BDCCC2DA28F21C3B00F79D1F /* Debug */,
				BDCCC2DB28F21C3B00F79D1F /* Release */,
			);
			defaultConfigurationIsVisible = 0;
			defaultConfigurationName = Debug;
		};
		BDCCC2DC28F21C3B00F79D1F /* Build configuration list for PBXNativeTarget "city_ios" */ = {
			isa = XCConfigurationList;
			buildConfigurations = (
				BDCCC2DD28F21C3B00F79D1F /* Debug */,
				BDCCC2DE28F21C3B00F79D1F /* Release */,
			);
			defaultConfigurationIsVisible = 0;
			defaultConfigurationName = Debug;
		};
		BDCCC2DF28F21C3B00F79D1F /* Build configuration list for PBXNativeTarget "city_iosTests" */ = {
			isa = XCConfigurationList;
			buildConfigurations = (
				BDCCC2E028F21C3B00F79D1F /* Debug */,
				BDCCC2E128F21C3B00F79D1F /* Release */,
			);
			defaultConfigurationIsVisible = 0;
			defaultConfigurationName = Debug;
		};
		BDCCC2E228F21C3B00F79D1F /* Build configuration list for PBXNativeTarget "city_iosUITests" */ = {
			isa = XCConfigurationList;
			buildConfigurations = (
				BDCCC2E328F21C3B00F79D1F /* Debug */,
				BDCCC2E428F21C3B00F79D1F /* Release */,
			);
			defaultConfigurationIsVisible = 0;
			defaultConfigurationName = Debug;
		};
/* End XCConfigurationList section */

/* Begin XCVersionGroup section */
		BDCCC2B928F21C3900F79D1F /* city_ios.xcdatamodeld */ = {
			isa = XCVersionGroup;
			children = (
				BDCCC2BA28F21C3900F79D1F /* city_ios.xcdatamodel */,
			);
			currentVersion = BDCCC2BA28F21C3900F79D1F /* city_ios.xcdatamodel */;
			path = city_ios.xcdatamodeld;
			sourceTree = "<group>";
			versionGroupType = wrapper.xcdatamodel;
		};
/* End XCVersionGroup section */
	};
	rootObject = BDCCC2AA28F21C3900F79D1F /* Project object */;
}
